// !$*UTF8*$!
{
	archiveVersion = 1;
	classes = {
	};
	objectVersion = 50;
	objects = {

/* Begin PBXBuildFile section */
		FA70DF7C26C29042006CC1E1 /* AppDelegate.swift in Sources */ = {isa = PBXBuildFile; fileRef = FA70DF7B26C29042006CC1E1 /* AppDelegate.swift */; };
		FA70DF7E26C29042006CC1E1 /* SceneDelegate.swift in Sources */ = {isa = PBXBuildFile; fileRef = FA70DF7D26C29042006CC1E1 /* SceneDelegate.swift */; };
		FA70DF8526C29044006CC1E1 /* Assets.xcassets in Resources */ = {isa = PBXBuildFile; fileRef = FA70DF8426C29044006CC1E1 /* Assets.xcassets */; };
		FA70DF8826C29044006CC1E1 /* LaunchScreen.storyboard in Resources */ = {isa = PBXBuildFile; fileRef = FA70DF8626C29044006CC1E1 /* LaunchScreen.storyboard */; };
		FA70DF9326C29044006CC1E1 /* TodoAppTests.swift in Sources */ = {isa = PBXBuildFile; fileRef = FA70DF9226C29044006CC1E1 /* TodoAppTests.swift */; };
		FA70DF9E26C29044006CC1E1 /* TodoAppUITests.swift in Sources */ = {isa = PBXBuildFile; fileRef = FA70DF9D26C29044006CC1E1 /* TodoAppUITests.swift */; };
		FAEA653726C2AAC400B5DF46 /* Coordinator.swift in Sources */ = {isa = PBXBuildFile; fileRef = FAEA653626C2AAC400B5DF46 /* Coordinator.swift */; };
		FAEA655526C2AB5000B5DF46 /* BaseViewController.swift in Sources */ = {isa = PBXBuildFile; fileRef = FAEA655326C2AB5000B5DF46 /* BaseViewController.swift */; };
		FAEA655626C2AB5000B5DF46 /* BaseViewModel.swift in Sources */ = {isa = PBXBuildFile; fileRef = FAEA655426C2AB5000B5DF46 /* BaseViewModel.swift */; };
		FAEA655E26C2AC4E00B5DF46 /* MainTabBarController.swift in Sources */ = {isa = PBXBuildFile; fileRef = FAEA655D26C2AC4E00B5DF46 /* MainTabBarController.swift */; };
		FAEA656826C2AC5D00B5DF46 /* UIColor+Ext.swift in Sources */ = {isa = PBXBuildFile; fileRef = FAEA656526C2AC5C00B5DF46 /* UIColor+Ext.swift */; };
		FAEA656926C2AC5D00B5DF46 /* UIImageView+Ext.swift in Sources */ = {isa = PBXBuildFile; fileRef = FAEA656626C2AC5C00B5DF46 /* UIImageView+Ext.swift */; };
		FAEA656A26C2AC5D00B5DF46 /* UIImage+Ext.swift in Sources */ = {isa = PBXBuildFile; fileRef = FAEA656726C2AC5D00B5DF46 /* UIImage+Ext.swift */; };
/* End PBXBuildFile section */

/* Begin PBXContainerItemProxy section */
		FA70DF8F26C29044006CC1E1 /* PBXContainerItemProxy */ = {
			isa = PBXContainerItemProxy;
			containerPortal = FA70DF7026C29042006CC1E1 /* Project object */;
			proxyType = 1;
			remoteGlobalIDString = FA70DF7726C29042006CC1E1;
			remoteInfo = TodoApp;
		};
		FA70DF9A26C29044006CC1E1 /* PBXContainerItemProxy */ = {
			isa = PBXContainerItemProxy;
			containerPortal = FA70DF7026C29042006CC1E1 /* Project object */;
			proxyType = 1;
			remoteGlobalIDString = FA70DF7726C29042006CC1E1;
			remoteInfo = TodoApp;
		};
/* End PBXContainerItemProxy section */

/* Begin PBXFileReference section */
		FA70DF7826C29042006CC1E1 /* TodoApp.app */ = {isa = PBXFileReference; explicitFileType = wrapper.application; includeInIndex = 0; path = TodoApp.app; sourceTree = BUILT_PRODUCTS_DIR; };
		FA70DF7B26C29042006CC1E1 /* AppDelegate.swift */ = {isa = PBXFileReference; lastKnownFileType = sourcecode.swift; path = AppDelegate.swift; sourceTree = "<group>"; };
		FA70DF7D26C29042006CC1E1 /* SceneDelegate.swift */ = {isa = PBXFileReference; lastKnownFileType = sourcecode.swift; path = SceneDelegate.swift; sourceTree = "<group>"; };
		FA70DF8426C29044006CC1E1 /* Assets.xcassets */ = {isa = PBXFileReference; lastKnownFileType = folder.assetcatalog; path = Assets.xcassets; sourceTree = "<group>"; };
		FA70DF8726C29044006CC1E1 /* Base */ = {isa = PBXFileReference; lastKnownFileType = file.storyboard; name = Base; path = Base.lproj/LaunchScreen.storyboard; sourceTree = "<group>"; };
		FA70DF8926C29044006CC1E1 /* Info.plist */ = {isa = PBXFileReference; lastKnownFileType = text.plist.xml; path = Info.plist; sourceTree = "<group>"; };
		FA70DF8E26C29044006CC1E1 /* TodoAppTests.xctest */ = {isa = PBXFileReference; explicitFileType = wrapper.cfbundle; includeInIndex = 0; path = TodoAppTests.xctest; sourceTree = BUILT_PRODUCTS_DIR; };
		FA70DF9226C29044006CC1E1 /* TodoAppTests.swift */ = {isa = PBXFileReference; lastKnownFileType = sourcecode.swift; path = TodoAppTests.swift; sourceTree = "<group>"; };
		FA70DF9426C29044006CC1E1 /* Info.plist */ = {isa = PBXFileReference; lastKnownFileType = text.plist.xml; path = Info.plist; sourceTree = "<group>"; };
		FA70DF9926C29044006CC1E1 /* TodoAppUITests.xctest */ = {isa = PBXFileReference; explicitFileType = wrapper.cfbundle; includeInIndex = 0; path = TodoAppUITests.xctest; sourceTree = BUILT_PRODUCTS_DIR; };
		FA70DF9D26C29044006CC1E1 /* TodoAppUITests.swift */ = {isa = PBXFileReference; lastKnownFileType = sourcecode.swift; path = TodoAppUITests.swift; sourceTree = "<group>"; };
		FA70DF9F26C29044006CC1E1 /* Info.plist */ = {isa = PBXFileReference; lastKnownFileType = text.plist.xml; path = Info.plist; sourceTree = "<group>"; };
		FAEA653626C2AAC400B5DF46 /* Coordinator.swift */ = {isa = PBXFileReference; fileEncoding = 4; lastKnownFileType = sourcecode.swift; name = Coordinator.swift; path = ../../../TodoApp3/TodoApp/Coordinator/Coordinator.swift; sourceTree = "<group>"; };
		FAEA655326C2AB5000B5DF46 /* BaseViewController.swift */ = {isa = PBXFileReference; fileEncoding = 4; lastKnownFileType = sourcecode.swift; path = BaseViewController.swift; sourceTree = "<group>"; };
		FAEA655426C2AB5000B5DF46 /* BaseViewModel.swift */ = {isa = PBXFileReference; fileEncoding = 4; lastKnownFileType = sourcecode.swift; path = BaseViewModel.swift; sourceTree = "<group>"; };
		FAEA655D26C2AC4E00B5DF46 /* MainTabBarController.swift */ = {isa = PBXFileReference; fileEncoding = 4; lastKnownFileType = sourcecode.swift; path = MainTabBarController.swift; sourceTree = "<group>"; };
		FAEA656526C2AC5C00B5DF46 /* UIColor+Ext.swift */ = {isa = PBXFileReference; fileEncoding = 4; lastKnownFileType = sourcecode.swift; path = "UIColor+Ext.swift"; sourceTree = "<group>"; };
		FAEA656626C2AC5C00B5DF46 /* UIImageView+Ext.swift */ = {isa = PBXFileReference; fileEncoding = 4; lastKnownFileType = sourcecode.swift; path = "UIImageView+Ext.swift"; sourceTree = "<group>"; };
		FAEA656726C2AC5D00B5DF46 /* UIImage+Ext.swift */ = {isa = PBXFileReference; fileEncoding = 4; lastKnownFileType = sourcecode.swift; path = "UIImage+Ext.swift"; sourceTree = "<group>"; };
/* End PBXFileReference section */

/* Begin PBXFrameworksBuildPhase section */
		FA70DF7526C29042006CC1E1 /* Frameworks */ = {
			isa = PBXFrameworksBuildPhase;
			buildActionMask = 2147483647;
			files = (
			);
			runOnlyForDeploymentPostprocessing = 0;
		};
		FA70DF8B26C29044006CC1E1 /* Frameworks */ = {
			isa = PBXFrameworksBuildPhase;
			buildActionMask = 2147483647;
			files = (
			);
			runOnlyForDeploymentPostprocessing = 0;
		};
		FA70DF9626C29044006CC1E1 /* Frameworks */ = {
			isa = PBXFrameworksBuildPhase;
			buildActionMask = 2147483647;
			files = (
			);
			runOnlyForDeploymentPostprocessing = 0;
		};
/* End PBXFrameworksBuildPhase section */

/* Begin PBXGroup section */
		FA70DF6F26C29042006CC1E1 = {
			isa = PBXGroup;
			children = (
				FA70DF7A26C29042006CC1E1 /* TodoApp */,
				FA70DF9126C29044006CC1E1 /* TodoAppTests */,
				FA70DF9C26C29044006CC1E1 /* TodoAppUITests */,
				FA70DF7926C29042006CC1E1 /* Products */,
			);
			sourceTree = "<group>";
		};
		FA70DF7926C29042006CC1E1 /* Products */ = {
			isa = PBXGroup;
			children = (
				FA70DF7826C29042006CC1E1 /* TodoApp.app */,
				FA70DF8E26C29044006CC1E1 /* TodoAppTests.xctest */,
				FA70DF9926C29044006CC1E1 /* TodoAppUITests.xctest */,
			);
			name = Products;
			sourceTree = "<group>";
		};
		FA70DF7A26C29042006CC1E1 /* TodoApp */ = {
			isa = PBXGroup;
			children = (
				FAEA651E26C2A9DE00B5DF46 /* Application */,
				FAEA652926C2AA0500B5DF46 /* Constants */,
				FAEA652A26C2AA0E00B5DF46 /* Coordinator */,
				FAEA652B26C2AA1900B5DF46 /* Extensions */,
				FAEA652C26C2AA2000B5DF46 /* MainClasses */,
				FAEA652526C2A9EB00B5DF46 /* Resources */,
				FAEA652D26C2AA3000B5DF46 /* Scenes */,
				FAEA651726C2A99D00B5DF46 /* Supporting Files */,
			);
			path = TodoApp;
			sourceTree = "<group>";
		};
		FA70DF9126C29044006CC1E1 /* TodoAppTests */ = {
			isa = PBXGroup;
			children = (
				FA70DF9226C29044006CC1E1 /* TodoAppTests.swift */,
				FA70DF9426C29044006CC1E1 /* Info.plist */,
			);
			path = TodoAppTests;
			sourceTree = "<group>";
		};
		FA70DF9C26C29044006CC1E1 /* TodoAppUITests */ = {
			isa = PBXGroup;
			children = (
				FA70DF9D26C29044006CC1E1 /* TodoAppUITests.swift */,
				FA70DF9F26C29044006CC1E1 /* Info.plist */,
			);
			path = TodoAppUITests;
			sourceTree = "<group>";
		};
		FAEA651726C2A99D00B5DF46 /* Supporting Files */ = {
			isa = PBXGroup;
			children = (
				FA70DF8626C29044006CC1E1 /* LaunchScreen.storyboard */,
				FA70DF8926C29044006CC1E1 /* Info.plist */,
			);
			path = "Supporting Files";
			sourceTree = "<group>";
		};
		FAEA651E26C2A9DE00B5DF46 /* Application */ = {
			isa = PBXGroup;
			children = (
				FA70DF7D26C29042006CC1E1 /* SceneDelegate.swift */,
				FA70DF7B26C29042006CC1E1 /* AppDelegate.swift */,
			);
			path = Application;
			sourceTree = "<group>";
		};
		FAEA652526C2A9EB00B5DF46 /* Resources */ = {
			isa = PBXGroup;
			children = (
				FA70DF8426C29044006CC1E1 /* Assets.xcassets */,
			);
			path = Resources;
			sourceTree = "<group>";
		};
		FAEA652926C2AA0500B5DF46 /* Constants */ = {
			isa = PBXGroup;
			children = (
			);
			path = Constants;
			sourceTree = "<group>";
		};
		FAEA652A26C2AA0E00B5DF46 /* Coordinator */ = {
			isa = PBXGroup;
			children = (
				FAEA653626C2AAC400B5DF46 /* Coordinator.swift */,
			);
			path = Coordinator;
			sourceTree = "<group>";
		};
		FAEA652B26C2AA1900B5DF46 /* Extensions */ = {
			isa = PBXGroup;
			children = (
				FAEA656526C2AC5C00B5DF46 /* UIColor+Ext.swift */,
				FAEA656726C2AC5D00B5DF46 /* UIImage+Ext.swift */,
				FAEA656626C2AC5C00B5DF46 /* UIImageView+Ext.swift */,
			);
			path = Extensions;
			sourceTree = "<group>";
		};
		FAEA652C26C2AA2000B5DF46 /* MainClasses */ = {
			isa = PBXGroup;
			children = (
				FAEA655D26C2AC4E00B5DF46 /* MainTabBarController.swift */,
			);
			path = MainClasses;
			sourceTree = "<group>";
		};
		FAEA652D26C2AA3000B5DF46 /* Scenes */ = {
			isa = PBXGroup;
			children = (
				FAEA655226C2AB5000B5DF46 /* Base */,
			);
			path = Scenes;
			sourceTree = "<group>";
		};
		FAEA655226C2AB5000B5DF46 /* Base */ = {
			isa = PBXGroup;
			children = (
				FAEA655326C2AB5000B5DF46 /* BaseViewController.swift */,
				FAEA655426C2AB5000B5DF46 /* BaseViewModel.swift */,
			);
			name = Base;
			path = ../../../TodoApp3/TodoApp/Scenes/Base;
			sourceTree = "<group>";
		};
/* End PBXGroup section */

/* Begin PBXNativeTarget section */
		FA70DF7726C29042006CC1E1 /* TodoApp */ = {
			isa = PBXNativeTarget;
			buildConfigurationList = FA70DFA226C29044006CC1E1 /* Build configuration list for PBXNativeTarget "TodoApp" */;
			buildPhases = (
				FA70DF7426C29042006CC1E1 /* Sources */,
				FA70DF7526C29042006CC1E1 /* Frameworks */,
				FA70DF7626C29042006CC1E1 /* Resources */,
			);
			buildRules = (
			);
			dependencies = (
			);
			name = TodoApp;
			productName = TodoApp;
			productReference = FA70DF7826C29042006CC1E1 /* TodoApp.app */;
			productType = "com.apple.product-type.application";
		};
		FA70DF8D26C29044006CC1E1 /* TodoAppTests */ = {
			isa = PBXNativeTarget;
			buildConfigurationList = FA70DFA526C29044006CC1E1 /* Build configuration list for PBXNativeTarget "TodoAppTests" */;
			buildPhases = (
				FA70DF8A26C29044006CC1E1 /* Sources */,
				FA70DF8B26C29044006CC1E1 /* Frameworks */,
				FA70DF8C26C29044006CC1E1 /* Resources */,
			);
			buildRules = (
			);
			dependencies = (
				FA70DF9026C29044006CC1E1 /* PBXTargetDependency */,
			);
			name = TodoAppTests;
			productName = TodoAppTests;
			productReference = FA70DF8E26C29044006CC1E1 /* TodoAppTests.xctest */;
			productType = "com.apple.product-type.bundle.unit-test";
		};
		FA70DF9826C29044006CC1E1 /* TodoAppUITests */ = {
			isa = PBXNativeTarget;
			buildConfigurationList = FA70DFA826C29044006CC1E1 /* Build configuration list for PBXNativeTarget "TodoAppUITests" */;
			buildPhases = (
				FA70DF9526C29044006CC1E1 /* Sources */,
				FA70DF9626C29044006CC1E1 /* Frameworks */,
				FA70DF9726C29044006CC1E1 /* Resources */,
			);
			buildRules = (
			);
			dependencies = (
				FA70DF9B26C29044006CC1E1 /* PBXTargetDependency */,
			);
			name = TodoAppUITests;
			productName = TodoAppUITests;
			productReference = FA70DF9926C29044006CC1E1 /* TodoAppUITests.xctest */;
			productType = "com.apple.product-type.bundle.ui-testing";
		};
/* End PBXNativeTarget section */

/* Begin PBXProject section */
		FA70DF7026C29042006CC1E1 /* Project object */ = {
			isa = PBXProject;
			attributes = {
				LastSwiftUpdateCheck = 1240;
				LastUpgradeCheck = 1240;
				TargetAttributes = {
					FA70DF7726C29042006CC1E1 = {
						CreatedOnToolsVersion = 12.4;
					};
					FA70DF8D26C29044006CC1E1 = {
						CreatedOnToolsVersion = 12.4;
						TestTargetID = FA70DF7726C29042006CC1E1;
					};
					FA70DF9826C29044006CC1E1 = {
						CreatedOnToolsVersion = 12.4;
						TestTargetID = FA70DF7726C29042006CC1E1;
					};
				};
			};
			buildConfigurationList = FA70DF7326C29042006CC1E1 /* Build configuration list for PBXProject "TodoApp" */;
			compatibilityVersion = "Xcode 9.3";
			developmentRegion = en;
			hasScannedForEncodings = 0;
			knownRegions = (
				en,
				Base,
			);
			mainGroup = FA70DF6F26C29042006CC1E1;
			productRefGroup = FA70DF7926C29042006CC1E1 /* Products */;
			projectDirPath = "";
			projectRoot = "";
			targets = (
				FA70DF7726C29042006CC1E1 /* TodoApp */,
				FA70DF8D26C29044006CC1E1 /* TodoAppTests */,
				FA70DF9826C29044006CC1E1 /* TodoAppUITests */,
			);
		};
/* End PBXProject section */

/* Begin PBXResourcesBuildPhase section */
		FA70DF7626C29042006CC1E1 /* Resources */ = {
			isa = PBXResourcesBuildPhase;
			buildActionMask = 2147483647;
			files = (
				FA70DF8826C29044006CC1E1 /* LaunchScreen.storyboard in Resources */,
				FA70DF8526C29044006CC1E1 /* Assets.xcassets in Resources */,
			);
			runOnlyForDeploymentPostprocessing = 0;
		};
		FA70DF8C26C29044006CC1E1 /* Resources */ = {
			isa = PBXResourcesBuildPhase;
			buildActionMask = 2147483647;
			files = (
			);
			runOnlyForDeploymentPostprocessing = 0;
		};
		FA70DF9726C29044006CC1E1 /* Resources */ = {
			isa = PBXResourcesBuildPhase;
			buildActionMask = 2147483647;
			files = (
			);
			runOnlyForDeploymentPostprocessing = 0;
		};
/* End PBXResourcesBuildPhase section */

/* Begin PBXSourcesBuildPhase section */
		FA70DF7426C29042006CC1E1 /* Sources */ = {
			isa = PBXSourcesBuildPhase;
			buildActionMask = 2147483647;
			files = (
				FAEA656926C2AC5D00B5DF46 /* UIImageView+Ext.swift in Sources */,
				FAEA656826C2AC5D00B5DF46 /* UIColor+Ext.swift in Sources */,
				FAEA655626C2AB5000B5DF46 /* BaseViewModel.swift in Sources */,
				FAEA655E26C2AC4E00B5DF46 /* MainTabBarController.swift in Sources */,
				FAEA653726C2AAC400B5DF46 /* Coordinator.swift in Sources */,
				FA70DF7C26C29042006CC1E1 /* AppDelegate.swift in Sources */,
				FAEA656A26C2AC5D00B5DF46 /* UIImage+Ext.swift in Sources */,
				FAEA655526C2AB5000B5DF46 /* BaseViewController.swift in Sources */,
				FA70DF7E26C29042006CC1E1 /* SceneDelegate.swift in Sources */,
			);
			runOnlyForDeploymentPostprocessing = 0;
		};
		FA70DF8A26C29044006CC1E1 /* Sources */ = {
			isa = PBXSourcesBuildPhase;
			buildActionMask = 2147483647;
			files = (
				FA70DF9326C29044006CC1E1 /* TodoAppTests.swift in Sources */,
			);
			runOnlyForDeploymentPostprocessing = 0;
		};
		FA70DF9526C29044006CC1E1 /* Sources */ = {
			isa = PBXSourcesBuildPhase;
			buildActionMask = 2147483647;
			files = (
				FA70DF9E26C29044006CC1E1 /* TodoAppUITests.swift in Sources */,
			);
			runOnlyForDeploymentPostprocessing = 0;
		};
/* End PBXSourcesBuildPhase section */

/* Begin PBXTargetDependency section */
		FA70DF9026C29044006CC1E1 /* PBXTargetDependency */ = {
			isa = PBXTargetDependency;
			target = FA70DF7726C29042006CC1E1 /* TodoApp */;
			targetProxy = FA70DF8F26C29044006CC1E1 /* PBXContainerItemProxy */;
		};
		FA70DF9B26C29044006CC1E1 /* PBXTargetDependency */ = {
			isa = PBXTargetDependency;
			target = FA70DF7726C29042006CC1E1 /* TodoApp */;
			targetProxy = FA70DF9A26C29044006CC1E1 /* PBXContainerItemProxy */;
		};
/* End PBXTargetDependency section */

/* Begin PBXVariantGroup section */
		FA70DF8626C29044006CC1E1 /* LaunchScreen.storyboard */ = {
			isa = PBXVariantGroup;
			children = (
				FA70DF8726C29044006CC1E1 /* Base */,
			);
			name = LaunchScreen.storyboard;
			sourceTree = "<group>";
		};
/* End PBXVariantGroup section */

/* Begin XCBuildConfiguration section */
		FA70DFA026C29044006CC1E1 /* Debug */ = {
			isa = XCBuildConfiguration;
			buildSettings = {
				ALWAYS_SEARCH_USER_PATHS = NO;
				CLANG_ANALYZER_NONNULL = YES;
				CLANG_ANALYZER_NUMBER_OBJECT_CONVERSION = YES_AGGRESSIVE;
				CLANG_CXX_LANGUAGE_STANDARD = "gnu++14";
				CLANG_CXX_LIBRARY = "libc++";
				CLANG_ENABLE_MODULES = YES;
				CLANG_ENABLE_OBJC_ARC = YES;
				CLANG_ENABLE_OBJC_WEAK = YES;
				CLANG_WARN_BLOCK_CAPTURE_AUTORELEASING = YES;
				CLANG_WARN_BOOL_CONVERSION = YES;
				CLANG_WARN_COMMA = YES;
				CLANG_WARN_CONSTANT_CONVERSION = YES;
				CLANG_WARN_DEPRECATED_OBJC_IMPLEMENTATIONS = YES;
				CLANG_WARN_DIRECT_OBJC_ISA_USAGE = YES_ERROR;
				CLANG_WARN_DOCUMENTATION_COMMENTS = YES;
				CLANG_WARN_EMPTY_BODY = YES;
				CLANG_WARN_ENUM_CONVERSION = YES;
				CLANG_WARN_INFINITE_RECURSION = YES;
				CLANG_WARN_INT_CONVERSION = YES;
				CLANG_WARN_NON_LITERAL_NULL_CONVERSION = YES;
				CLANG_WARN_OBJC_IMPLICIT_RETAIN_SELF = YES;
				CLANG_WARN_OBJC_LITERAL_CONVERSION = YES;
				CLANG_WARN_OBJC_ROOT_CLASS = YES_ERROR;
				CLANG_WARN_QUOTED_INCLUDE_IN_FRAMEWORK_HEADER = YES;
				CLANG_WARN_RANGE_LOOP_ANALYSIS = YES;
				CLANG_WARN_STRICT_PROTOTYPES = YES;
				CLANG_WARN_SUSPICIOUS_MOVE = YES;
				CLANG_WARN_UNGUARDED_AVAILABILITY = YES_AGGRESSIVE;
				CLANG_WARN_UNREACHABLE_CODE = YES;
				CLANG_WARN__DUPLICATE_METHOD_MATCH = YES;
				COPY_PHASE_STRIP = NO;
				DEBUG_INFORMATION_FORMAT = dwarf;
				ENABLE_STRICT_OBJC_MSGSEND = YES;
				ENABLE_TESTABILITY = YES;
				GCC_C_LANGUAGE_STANDARD = gnu11;
				GCC_DYNAMIC_NO_PIC = NO;
				GCC_NO_COMMON_BLOCKS = YES;
				GCC_OPTIMIZATION_LEVEL = 0;
				GCC_PREPROCESSOR_DEFINITIONS = (
					"DEBUG=1",
					"$(inherited)",
				);
				GCC_WARN_64_TO_32_BIT_CONVERSION = YES;
				GCC_WARN_ABOUT_RETURN_TYPE = YES_ERROR;
				GCC_WARN_UNDECLARED_SELECTOR = YES;
				GCC_WARN_UNINITIALIZED_AUTOS = YES_AGGRESSIVE;
				GCC_WARN_UNUSED_FUNCTION = YES;
				GCC_WARN_UNUSED_VARIABLE = YES;
				IPHONEOS_DEPLOYMENT_TARGET = 14.4;
				MTL_ENABLE_DEBUG_INFO = INCLUDE_SOURCE;
				MTL_FAST_MATH = YES;
				ONLY_ACTIVE_ARCH = YES;
				SDKROOT = iphoneos;
				SWIFT_ACTIVE_COMPILATION_CONDITIONS = DEBUG;
				SWIFT_OPTIMIZATION_LEVEL = "-Onone";
			};
			name = Debug;
		};
		FA70DFA126C29044006CC1E1 /* Release */ = {
			isa = XCBuildConfiguration;
			buildSettings = {
				ALWAYS_SEARCH_USER_PATHS = NO;
				CLANG_ANALYZER_NONNULL = YES;
				CLANG_ANALYZER_NUMBER_OBJECT_CONVERSION = YES_AGGRESSIVE;
				CLANG_CXX_LANGUAGE_STANDARD = "gnu++14";
				CLANG_CXX_LIBRARY = "libc++";
				CLANG_ENABLE_MODULES = YES;
				CLANG_ENABLE_OBJC_ARC = YES;
				CLANG_ENABLE_OBJC_WEAK = YES;
				CLANG_WARN_BLOCK_CAPTURE_AUTORELEASING = YES;
				CLANG_WARN_BOOL_CONVERSION = YES;
				CLANG_WARN_COMMA = YES;
				CLANG_WARN_CONSTANT_CONVERSION = YES;
				CLANG_WARN_DEPRECATED_OBJC_IMPLEMENTATIONS = YES;
				CLANG_WARN_DIRECT_OBJC_ISA_USAGE = YES_ERROR;
				CLANG_WARN_DOCUMENTATION_COMMENTS = YES;
				CLANG_WARN_EMPTY_BODY = YES;
				CLANG_WARN_ENUM_CONVERSION = YES;
				CLANG_WARN_INFINITE_RECURSION = YES;
				CLANG_WARN_INT_CONVERSION = YES;
				CLANG_WARN_NON_LITERAL_NULL_CONVERSION = YES;
				CLANG_WARN_OBJC_IMPLICIT_RETAIN_SELF = YES;
				CLANG_WARN_OBJC_LITERAL_CONVERSION = YES;
				CLANG_WARN_OBJC_ROOT_CLASS = YES_ERROR;
				CLANG_WARN_QUOTED_INCLUDE_IN_FRAMEWORK_HEADER = YES;
				CLANG_WARN_RANGE_LOOP_ANALYSIS = YES;
				CLANG_WARN_STRICT_PROTOTYPES = YES;
				CLANG_WARN_SUSPICIOUS_MOVE = YES;
				CLANG_WARN_UNGUARDED_AVAILABILITY = YES_AGGRESSIVE;
				CLANG_WARN_UNREACHABLE_CODE = YES;
				CLANG_WARN__DUPLICATE_METHOD_MATCH = YES;
				COPY_PHASE_STRIP = NO;
				DEBUG_INFORMATION_FORMAT = "dwarf-with-dsym";
				ENABLE_NS_ASSERTIONS = NO;
				ENABLE_STRICT_OBJC_MSGSEND = YES;
				GCC_C_LANGUAGE_STANDARD = gnu11;
				GCC_NO_COMMON_BLOCKS = YES;
				GCC_WARN_64_TO_32_BIT_CONVERSION = YES;
				GCC_WARN_ABOUT_RETURN_TYPE = YES_ERROR;
				GCC_WARN_UNDECLARED_SELECTOR = YES;
				GCC_WARN_UNINITIALIZED_AUTOS = YES_AGGRESSIVE;
				GCC_WARN_UNUSED_FUNCTION = YES;
				GCC_WARN_UNUSED_VARIABLE = YES;
				IPHONEOS_DEPLOYMENT_TARGET = 14.4;
				MTL_ENABLE_DEBUG_INFO = NO;
				MTL_FAST_MATH = YES;
				SDKROOT = iphoneos;
				SWIFT_COMPILATION_MODE = wholemodule;
				SWIFT_OPTIMIZATION_LEVEL = "-O";
				VALIDATE_PRODUCT = YES;
			};
			name = Release;
		};
		FA70DFA326C29044006CC1E1 /* Debug */ = {
			isa = XCBuildConfiguration;
			buildSettings = {
				ASSETCATALOG_COMPILER_APPICON_NAME = AppIcon;
				ASSETCATALOG_COMPILER_GLOBAL_ACCENT_COLOR_NAME = AccentColor;
				CODE_SIGN_STYLE = Automatic;
				INFOPLIST_FILE = "TodoApp/Supporting Files/Info.plist";
				LD_RUNPATH_SEARCH_PATHS = (
					"$(inherited)",
					"@executable_path/Frameworks",
				);
				PRODUCT_BUNDLE_IDENTIFIER = com.sametalemdaroglu.TodoApp;
				PRODUCT_NAME = "$(TARGET_NAME)";
				SWIFT_VERSION = 5.0;
				TARGETED_DEVICE_FAMILY = "1,2";
			};
			name = Debug;
		};
		FA70DFA426C29044006CC1E1 /* Release */ = {
			isa = XCBuildConfiguration;
			buildSettings = {
				ASSETCATALOG_COMPILER_APPICON_NAME = AppIcon;
				ASSETCATALOG_COMPILER_GLOBAL_ACCENT_COLOR_NAME = AccentColor;
				CODE_SIGN_STYLE = Automatic;
				INFOPLIST_FILE = "TodoApp/Supporting Files/Info.plist";
				LD_RUNPATH_SEARCH_PATHS = (
					"$(inherited)",
					"@executable_path/Frameworks",
				);
				PRODUCT_BUNDLE_IDENTIFIER = com.sametalemdaroglu.TodoApp;
				PRODUCT_NAME = "$(TARGET_NAME)";
				SWIFT_VERSION = 5.0;
				TARGETED_DEVICE_FAMILY = "1,2";
			};
			name = Release;
		};
		FA70DFA626C29044006CC1E1 /* Debug */ = {
			isa = XCBuildConfiguration;
			buildSettings = {
				ALWAYS_EMBED_SWIFT_STANDARD_LIBRARIES = YES;
				BUNDLE_LOADER = "$(TEST_HOST)";
				CODE_SIGN_STYLE = Automatic;
				INFOPLIST_FILE = TodoAppTests/Info.plist;
				IPHONEOS_DEPLOYMENT_TARGET = 14.4;
				LD_RUNPATH_SEARCH_PATHS = (
					"$(inherited)",
					"@executable_path/Frameworks",
					"@loader_path/Frameworks",
				);
				PRODUCT_BUNDLE_IDENTIFIER = com.sametalemdaroglu.TodoAppTests;
				PRODUCT_NAME = "$(TARGET_NAME)";
				SWIFT_VERSION = 5.0;
				TARGETED_DEVICE_FAMILY = "1,2";
				TEST_HOST = "$(BUILT_PRODUCTS_DIR)/TodoApp.app/TodoApp";
			};
			name = Debug;
		};
		FA70DFA726C29044006CC1E1 /* Release */ = {
			isa = XCBuildConfiguration;
			buildSettings = {
				ALWAYS_EMBED_SWIFT_STANDARD_LIBRARIES = YES;
				BUNDLE_LOADER = "$(TEST_HOST)";
				CODE_SIGN_STYLE = Automatic;
				INFOPLIST_FILE = TodoAppTests/Info.plist;
				IPHONEOS_DEPLOYMENT_TARGET = 14.4;
				LD_RUNPATH_SEARCH_PATHS = (
					"$(inherited)",
					"@executable_path/Frameworks",
					"@loader_path/Frameworks",
				);
				PRODUCT_BUNDLE_IDENTIFIER = com.sametalemdaroglu.TodoAppTests;
				PRODUCT_NAME = "$(TARGET_NAME)";
				SWIFT_VERSION = 5.0;
				TARGETED_DEVICE_FAMILY = "1,2";
				TEST_HOST = "$(BUILT_PRODUCTS_DIR)/TodoApp.app/TodoApp";
			};
			name = Release;
		};
		FA70DFA926C29044006CC1E1 /* Debug */ = {
			isa = XCBuildConfiguration;
			buildSettings = {
				ALWAYS_EMBED_SWIFT_STANDARD_LIBRARIES = YES;
				CODE_SIGN_STYLE = Automatic;
				INFOPLIST_FILE = TodoAppUITests/Info.plist;
				LD_RUNPATH_SEARCH_PATHS = (
					"$(inherited)",
					"@executable_path/Frameworks",
					"@loader_path/Frameworks",
				);
				PRODUCT_BUNDLE_IDENTIFIER = com.sametalemdaroglu.TodoAppUITests;
				PRODUCT_NAME = "$(TARGET_NAME)";
				SWIFT_VERSION = 5.0;
				TARGETED_DEVICE_FAMILY = "1,2";
				TEST_TARGET_NAME = TodoApp;
			};
			name = Debug;
		};
		FA70DFAA26C29044006CC1E1 /* Release */ = {
			isa = XCBuildConfiguration;
			buildSettings = {
				ALWAYS_EMBED_SWIFT_STANDARD_LIBRARIES = YES;
				CODE_SIGN_STYLE = Automatic;
				INFOPLIST_FILE = TodoAppUITests/Info.plist;
				LD_RUNPATH_SEARCH_PATHS = (
					"$(inherited)",
					"@executable_path/Frameworks",
					"@loader_path/Frameworks",
				);
				PRODUCT_BUNDLE_IDENTIFIER = com.sametalemdaroglu.TodoAppUITests;
				PRODUCT_NAME = "$(TARGET_NAME)";
				SWIFT_VERSION = 5.0;
				TARGETED_DEVICE_FAMILY = "1,2";
				TEST_TARGET_NAME = TodoApp;
			};
			name = Release;
		};
/* End XCBuildConfiguration section */

/* Begin XCConfigurationList section */
		FA70DF7326C29042006CC1E1 /* Build configuration list for PBXProject "TodoApp" */ = {
			isa = XCConfigurationList;
			buildConfigurations = (
				FA70DFA026C29044006CC1E1 /* Debug */,
				FA70DFA126C29044006CC1E1 /* Release */,
			);
			defaultConfigurationIsVisible = 0;
			defaultConfigurationName = Release;
		};
		FA70DFA226C29044006CC1E1 /* Build configuration list for PBXNativeTarget "TodoApp" */ = {
			isa = XCConfigurationList;
			buildConfigurations = (
				FA70DFA326C29044006CC1E1 /* Debug */,
				FA70DFA426C29044006CC1E1 /* Release */,
			);
			defaultConfigurationIsVisible = 0;
			defaultConfigurationName = Release;
		};
		FA70DFA526C29044006CC1E1 /* Build configuration list for PBXNativeTarget "TodoAppTests" */ = {
			isa = XCConfigurationList;
			buildConfigurations = (
				FA70DFA626C29044006CC1E1 /* Debug */,
				FA70DFA726C29044006CC1E1 /* Release */,
			);
			defaultConfigurationIsVisible = 0;
			defaultConfigurationName = Release;
		};
		FA70DFA826C29044006CC1E1 /* Build configuration list for PBXNativeTarget "TodoAppUITests" */ = {
			isa = XCConfigurationList;
			buildConfigurations = (
				FA70DFA926C29044006CC1E1 /* Debug */,
				FA70DFAA26C29044006CC1E1 /* Release */,
			);
			defaultConfigurationIsVisible = 0;
			defaultConfigurationName = Release;
		};
/* End XCConfigurationList section */
	};
	rootObject = FA70DF7026C29042006CC1E1 /* Project object */;
}
