// !$*UTF8*$!
{
	archiveVersion = 1;
	classes = {
	};
	objectVersion = 52;
	objects = {

/* Begin PBXBuildFile section */
		FA0F2C6726D439BD005B825C /* Realm in Frameworks */ = {isa = PBXBuildFile; productRef = FA0F2C6626D439BD005B825C /* Realm */; };
		FA0F2C6926D439BD005B825C /* RealmSwift in Frameworks */ = {isa = PBXBuildFile; productRef = FA0F2C6826D439BD005B825C /* RealmSwift */; };
		FA1CDA6126DE1A960059E1D5 /* SchedulerTableViewHeaderFooterView.swift in Sources */ = {isa = PBXBuildFile; fileRef = FA1CDA6026DE1A960059E1D5 /* SchedulerTableViewHeaderFooterView.swift */; };
		FA1CDA6A26DE224C0059E1D5 /* RxDataSources in Frameworks */ = {isa = PBXBuildFile; productRef = FA1CDA6926DE224C0059E1D5 /* RxDataSources */; };
		FA1CDA7026DE22B70059E1D5 /* SchedulerSection.swift in Sources */ = {isa = PBXBuildFile; fileRef = FA1CDA6F26DE22B70059E1D5 /* SchedulerSection.swift */; };
		FA1CDA7E26DE431C0059E1D5 /* NewTaskViewController.swift in Sources */ = {isa = PBXBuildFile; fileRef = FA1CDA7D26DE431C0059E1D5 /* NewTaskViewController.swift */; };
		FA1CDA8626DE43260059E1D5 /* NewTaskViewModel.swift in Sources */ = {isa = PBXBuildFile; fileRef = FA1CDA8526DE43260059E1D5 /* NewTaskViewModel.swift */; };
		FA1CDA8B26DE43640059E1D5 /* NewTaskCoordinator.swift in Sources */ = {isa = PBXBuildFile; fileRef = FA1CDA8A26DE43640059E1D5 /* NewTaskCoordinator.swift */; };
		FA217B1326D62881003C62A5 /* UITableViewCell+Ext.swift in Sources */ = {isa = PBXBuildFile; fileRef = FA217B1226D62880003C62A5 /* UITableViewCell+Ext.swift */; };
		FA217B1926D64527003C62A5 /* MenuViewController.swift in Sources */ = {isa = PBXBuildFile; fileRef = FA217B1826D64527003C62A5 /* MenuViewController.swift */; };
		FA217BC926D78EBF003C62A5 /* MenuTableViewCell.swift in Sources */ = {isa = PBXBuildFile; fileRef = FA217BC826D78EBF003C62A5 /* MenuTableViewCell.swift */; };
		FA217BCE26D7BF32003C62A5 /* UITableView+Ext.swift in Sources */ = {isa = PBXBuildFile; fileRef = FA217BCD26D7BF32003C62A5 /* UITableView+Ext.swift */; };
		FA48E2BC26D8FC9000FBABDA /* SchedulerViewController.swift in Sources */ = {isa = PBXBuildFile; fileRef = FA48E2BB26D8FC9000FBABDA /* SchedulerViewController.swift */; };
		FA48E2C426D8FC9C00FBABDA /* SchedulerViewModel.swift in Sources */ = {isa = PBXBuildFile; fileRef = FA48E2C326D8FC9C00FBABDA /* SchedulerViewModel.swift */; };
		FA48E2C926D8FD2100FBABDA /* SchedulerCoordinator.swift in Sources */ = {isa = PBXBuildFile; fileRef = FA48E2C826D8FD2100FBABDA /* SchedulerCoordinator.swift */; };
		FA6314B226C2AEE900B044ED /* Color.swift in Sources */ = {isa = PBXBuildFile; fileRef = FA6314B126C2AEE900B044ED /* Color.swift */; };
		FA70DF7C26C29042006CC1E1 /* AppDelegate.swift in Sources */ = {isa = PBXBuildFile; fileRef = FA70DF7B26C29042006CC1E1 /* AppDelegate.swift */; };
		FA70DF8826C29044006CC1E1 /* LaunchScreen.storyboard in Resources */ = {isa = PBXBuildFile; fileRef = FA70DF8626C29044006CC1E1 /* LaunchScreen.storyboard */; };
		FA70DF9326C29044006CC1E1 /* TodoAppTests.swift in Sources */ = {isa = PBXBuildFile; fileRef = FA70DF9226C29044006CC1E1 /* TodoAppTests.swift */; };
		FA70DF9E26C29044006CC1E1 /* TodoAppUITests.swift in Sources */ = {isa = PBXBuildFile; fileRef = FA70DF9D26C29044006CC1E1 /* TodoAppUITests.swift */; };
		FAA3455226CC71A90090B1BF /* UserDefaults+Ext.swift in Sources */ = {isa = PBXBuildFile; fileRef = FAA3455126CC71A90090B1BF /* UserDefaults+Ext.swift */; };
		FAA3456C26CC78500090B1BF /* UIApplication+Ext.swift in Sources */ = {isa = PBXBuildFile; fileRef = FAA3456B26CC78500090B1BF /* UIApplication+Ext.swift */; };
		FAA5A96326D59F9F000A74ED /* User.swift in Sources */ = {isa = PBXBuildFile; fileRef = FAA5A96126D59F9E000A74ED /* User.swift */; };
		FAA5A96426D59F9F000A74ED /* Task.swift in Sources */ = {isa = PBXBuildFile; fileRef = FAA5A96226D59F9F000A74ED /* Task.swift */; };
		FAA5A96C26D5A099000A74ED /* HomeCoordinator.swift in Sources */ = {isa = PBXBuildFile; fileRef = FAA5A96826D5A099000A74ED /* HomeCoordinator.swift */; };
		FAA5A96D26D5A099000A74ED /* TabBarCoordinator.swift in Sources */ = {isa = PBXBuildFile; fileRef = FAA5A96926D5A099000A74ED /* TabBarCoordinator.swift */; };
		FAA5A96E26D5A099000A74ED /* ApplicationCoordinator.swift in Sources */ = {isa = PBXBuildFile; fileRef = FAA5A96A26D5A099000A74ED /* ApplicationCoordinator.swift */; };
		FAA5A96F26D5A099000A74ED /* Coordinator.swift in Sources */ = {isa = PBXBuildFile; fileRef = FAA5A96B26D5A099000A74ED /* Coordinator.swift */; };
		FAA5A97426D5A0C8000A74ED /* Results+Ext.swift in Sources */ = {isa = PBXBuildFile; fileRef = FAA5A97326D5A0C8000A74ED /* Results+Ext.swift */; };
		FAA5A97F26D5A109000A74ED /* RealmManager.swift in Sources */ = {isa = PBXBuildFile; fileRef = FAA5A97E26D5A109000A74ED /* RealmManager.swift */; };
		FAA5A98826D5A11E000A74ED /* RealmTask.swift in Sources */ = {isa = PBXBuildFile; fileRef = FAA5A98626D5A11E000A74ED /* RealmTask.swift */; };
		FAA5A98926D5A11E000A74ED /* RealmUser.swift in Sources */ = {isa = PBXBuildFile; fileRef = FAA5A98726D5A11E000A74ED /* RealmUser.swift */; };
		FAA5A99126D5A137000A74ED /* Assets.xcassets in Resources */ = {isa = PBXBuildFile; fileRef = FAA5A99026D5A137000A74ED /* Assets.xcassets */; };
		FAA5A9AE26D5A154000A74ED /* LoginViewModel.swift in Sources */ = {isa = PBXBuildFile; fileRef = FAA5A99A26D5A153000A74ED /* LoginViewModel.swift */; };
		FAA5A9AF26D5A154000A74ED /* LoginPasswordViewModel.swift in Sources */ = {isa = PBXBuildFile; fileRef = FAA5A99B26D5A153000A74ED /* LoginPasswordViewModel.swift */; };
		FAA5A9B026D5A154000A74ED /* LoginEmailViewModel.swift in Sources */ = {isa = PBXBuildFile; fileRef = FAA5A99C26D5A153000A74ED /* LoginEmailViewModel.swift */; };
		FAA5A9B126D5A154000A74ED /* FieldViewModel.swift in Sources */ = {isa = PBXBuildFile; fileRef = FAA5A99D26D5A153000A74ED /* FieldViewModel.swift */; };
		FAA5A9B226D5A154000A74ED /* LoginViewController.swift in Sources */ = {isa = PBXBuildFile; fileRef = FAA5A99E26D5A153000A74ED /* LoginViewController.swift */; };
		FAA5A9B326D5A154000A74ED /* RegisterPasswordViewModel.swift in Sources */ = {isa = PBXBuildFile; fileRef = FAA5A9A126D5A153000A74ED /* RegisterPasswordViewModel.swift */; };
		FAA5A9B426D5A154000A74ED /* RegisterRePasswordViewModel.swift in Sources */ = {isa = PBXBuildFile; fileRef = FAA5A9A226D5A153000A74ED /* RegisterRePasswordViewModel.swift */; };
		FAA5A9B526D5A154000A74ED /* RegisterEmailViewModel.swift in Sources */ = {isa = PBXBuildFile; fileRef = FAA5A9A326D5A153000A74ED /* RegisterEmailViewModel.swift */; };
		FAA5A9B626D5A154000A74ED /* RegisterViewModel.swift in Sources */ = {isa = PBXBuildFile; fileRef = FAA5A9A426D5A153000A74ED /* RegisterViewModel.swift */; };
		FAA5A9B726D5A154000A74ED /* RegisterViewController.swift in Sources */ = {isa = PBXBuildFile; fileRef = FAA5A9A526D5A153000A74ED /* RegisterViewController.swift */; };
		FAA5A9B826D5A154000A74ED /* BaseViewController.swift in Sources */ = {isa = PBXBuildFile; fileRef = FAA5A9A726D5A153000A74ED /* BaseViewController.swift */; };
		FAA5A9B926D5A154000A74ED /* BaseViewModel.swift in Sources */ = {isa = PBXBuildFile; fileRef = FAA5A9A826D5A153000A74ED /* BaseViewModel.swift */; };
		FAA5A9BA26D5A154000A74ED /* SplashViewController.swift in Sources */ = {isa = PBXBuildFile; fileRef = FAA5A9AA26D5A154000A74ED /* SplashViewController.swift */; };
		FAA5A9BB26D5A154000A74ED /* HomeViewModel.swift in Sources */ = {isa = PBXBuildFile; fileRef = FAA5A9AC26D5A154000A74ED /* HomeViewModel.swift */; };
		FAA5A9BC26D5A154000A74ED /* HomeViewController.swift in Sources */ = {isa = PBXBuildFile; fileRef = FAA5A9AD26D5A154000A74ED /* HomeViewController.swift */; };
		FAA5A9C226D5A216000A74ED /* TaskTableViewCell.swift in Sources */ = {isa = PBXBuildFile; fileRef = FAA5A9C126D5A216000A74ED /* TaskTableViewCell.swift */; };
		FACC2B5126E0B41C00C172F7 /* ProfileCoordinator.swift in Sources */ = {isa = PBXBuildFile; fileRef = FACC2B5026E0B41C00C172F7 /* ProfileCoordinator.swift */; };
		FACC2B5626E0B42B00C172F7 /* ProfileViewController.swift in Sources */ = {isa = PBXBuildFile; fileRef = FACC2B5526E0B42B00C172F7 /* ProfileViewController.swift */; };
		FACC2B5B26E0B43600C172F7 /* ProfileViewModel.swift in Sources */ = {isa = PBXBuildFile; fileRef = FACC2B5A26E0B43600C172F7 /* ProfileViewModel.swift */; };
		FAD51C7626D431D600FDB399 /* AlertManager.swift in Sources */ = {isa = PBXBuildFile; fileRef = FAD51C7526D431D600FDB399 /* AlertManager.swift */; };
		FADF82B526CA68BC0044E9B1 /* Font.swift in Sources */ = {isa = PBXBuildFile; fileRef = FADF82B426CA68BC0044E9B1 /* Font.swift */; };
		FADF82C026CA69EC0044E9B1 /* Avenir-Heavy.ttf in Resources */ = {isa = PBXBuildFile; fileRef = FADF82BF26CA69EC0044E9B1 /* Avenir-Heavy.ttf */; };
		FADF82C526CA6A060044E9B1 /* Avenir-Book.ttf in Resources */ = {isa = PBXBuildFile; fileRef = FADF82C426CA6A060044E9B1 /* Avenir-Book.ttf */; };
		FADF82CA26CA6A350044E9B1 /* Avenir-Black.ttf in Resources */ = {isa = PBXBuildFile; fileRef = FADF82C926CA6A350044E9B1 /* Avenir-Black.ttf */; };
		FADF832026CA95780044E9B1 /* RxSwift in Frameworks */ = {isa = PBXBuildFile; productRef = FADF831F26CA95780044E9B1 /* RxSwift */; };
		FADF832226CA95780044E9B1 /* RxRelay in Frameworks */ = {isa = PBXBuildFile; productRef = FADF832126CA95780044E9B1 /* RxRelay */; };
		FADF832426CA95780044E9B1 /* RxCocoa in Frameworks */ = {isa = PBXBuildFile; productRef = FADF832326CA95780044E9B1 /* RxCocoa */; };
		FADF832626CA95780044E9B1 /* RxBlocking in Frameworks */ = {isa = PBXBuildFile; productRef = FADF832526CA95780044E9B1 /* RxBlocking */; };
		FAEA656826C2AC5D00B5DF46 /* UIColor+Ext.swift in Sources */ = {isa = PBXBuildFile; fileRef = FAEA656526C2AC5C00B5DF46 /* UIColor+Ext.swift */; };
		FAEA656926C2AC5D00B5DF46 /* UIImageView+Ext.swift in Sources */ = {isa = PBXBuildFile; fileRef = FAEA656626C2AC5C00B5DF46 /* UIImageView+Ext.swift */; };
		FAEA656A26C2AC5D00B5DF46 /* UIImage+Ext.swift in Sources */ = {isa = PBXBuildFile; fileRef = FAEA656726C2AC5D00B5DF46 /* UIImage+Ext.swift */; };
		FAEB4E9226D8F45500CD5FCA /* MenuViewModel.swift in Sources */ = {isa = PBXBuildFile; fileRef = FAEB4E9126D8F45500CD5FCA /* MenuViewModel.swift */; };
		FAEF4B3E26D3DB8800EB7FDB /* SnapKit in Frameworks */ = {isa = PBXBuildFile; productRef = FAEF4B3D26D3DB8800EB7FDB /* SnapKit */; };
		FAEF4B4426D3DE7600EB7FDB /* SwiftMessages in Frameworks */ = {isa = PBXBuildFile; productRef = FAEF4B4326D3DE7600EB7FDB /* SwiftMessages */; };
/* End PBXBuildFile section */

/* Begin PBXContainerItemProxy section */
		FA70DF8F26C29044006CC1E1 /* PBXContainerItemProxy */ = {
			isa = PBXContainerItemProxy;
			containerPortal = FA70DF7026C29042006CC1E1 /* Project object */;
			proxyType = 1;
			remoteGlobalIDString = FA70DF7726C29042006CC1E1;
			remoteInfo = TodoApp;
		};
		FA70DF9A26C29044006CC1E1 /* PBXContainerItemProxy */ = {
			isa = PBXContainerItemProxy;
			containerPortal = FA70DF7026C29042006CC1E1 /* Project object */;
			proxyType = 1;
			remoteGlobalIDString = FA70DF7726C29042006CC1E1;
			remoteInfo = TodoApp;
		};
/* End PBXContainerItemProxy section */

/* Begin PBXFileReference section */
		FA1CDA6026DE1A960059E1D5 /* SchedulerTableViewHeaderFooterView.swift */ = {isa = PBXFileReference; lastKnownFileType = sourcecode.swift; path = SchedulerTableViewHeaderFooterView.swift; sourceTree = "<group>"; };
		FA1CDA6F26DE22B70059E1D5 /* SchedulerSection.swift */ = {isa = PBXFileReference; lastKnownFileType = sourcecode.swift; path = SchedulerSection.swift; sourceTree = "<group>"; };
		FA1CDA7D26DE431C0059E1D5 /* NewTaskViewController.swift */ = {isa = PBXFileReference; lastKnownFileType = sourcecode.swift; path = NewTaskViewController.swift; sourceTree = "<group>"; };
		FA1CDA8526DE43260059E1D5 /* NewTaskViewModel.swift */ = {isa = PBXFileReference; lastKnownFileType = sourcecode.swift; path = NewTaskViewModel.swift; sourceTree = "<group>"; };
		FA1CDA8A26DE43640059E1D5 /* NewTaskCoordinator.swift */ = {isa = PBXFileReference; lastKnownFileType = sourcecode.swift; path = NewTaskCoordinator.swift; sourceTree = "<group>"; };
		FA217B1226D62880003C62A5 /* UITableViewCell+Ext.swift */ = {isa = PBXFileReference; lastKnownFileType = sourcecode.swift; path = "UITableViewCell+Ext.swift"; sourceTree = "<group>"; };
		FA217B1826D64527003C62A5 /* MenuViewController.swift */ = {isa = PBXFileReference; lastKnownFileType = sourcecode.swift; path = MenuViewController.swift; sourceTree = "<group>"; };
		FA217BC826D78EBF003C62A5 /* MenuTableViewCell.swift */ = {isa = PBXFileReference; lastKnownFileType = sourcecode.swift; path = MenuTableViewCell.swift; sourceTree = "<group>"; };
		FA217BCD26D7BF32003C62A5 /* UITableView+Ext.swift */ = {isa = PBXFileReference; lastKnownFileType = sourcecode.swift; path = "UITableView+Ext.swift"; sourceTree = "<group>"; };
		FA48E2BB26D8FC9000FBABDA /* SchedulerViewController.swift */ = {isa = PBXFileReference; lastKnownFileType = sourcecode.swift; path = SchedulerViewController.swift; sourceTree = "<group>"; };
		FA48E2C326D8FC9C00FBABDA /* SchedulerViewModel.swift */ = {isa = PBXFileReference; lastKnownFileType = sourcecode.swift; path = SchedulerViewModel.swift; sourceTree = "<group>"; };
		FA48E2C826D8FD2100FBABDA /* SchedulerCoordinator.swift */ = {isa = PBXFileReference; lastKnownFileType = sourcecode.swift; path = SchedulerCoordinator.swift; sourceTree = "<group>"; };
		FA6314B126C2AEE900B044ED /* Color.swift */ = {isa = PBXFileReference; lastKnownFileType = sourcecode.swift; path = Color.swift; sourceTree = "<group>"; };
		FA70DF7826C29042006CC1E1 /* TodoApp.app */ = {isa = PBXFileReference; explicitFileType = wrapper.application; includeInIndex = 0; path = TodoApp.app; sourceTree = BUILT_PRODUCTS_DIR; };
		FA70DF7B26C29042006CC1E1 /* AppDelegate.swift */ = {isa = PBXFileReference; lastKnownFileType = sourcecode.swift; path = AppDelegate.swift; sourceTree = "<group>"; };
		FA70DF8726C29044006CC1E1 /* Base */ = {isa = PBXFileReference; lastKnownFileType = file.storyboard; name = Base; path = Base.lproj/LaunchScreen.storyboard; sourceTree = "<group>"; };
		FA70DF8926C29044006CC1E1 /* Info.plist */ = {isa = PBXFileReference; lastKnownFileType = text.plist.xml; path = Info.plist; sourceTree = "<group>"; };
		FA70DF8E26C29044006CC1E1 /* TodoAppTests.xctest */ = {isa = PBXFileReference; explicitFileType = wrapper.cfbundle; includeInIndex = 0; path = TodoAppTests.xctest; sourceTree = BUILT_PRODUCTS_DIR; };
		FA70DF9226C29044006CC1E1 /* TodoAppTests.swift */ = {isa = PBXFileReference; lastKnownFileType = sourcecode.swift; path = TodoAppTests.swift; sourceTree = "<group>"; };
		FA70DF9426C29044006CC1E1 /* Info.plist */ = {isa = PBXFileReference; lastKnownFileType = text.plist.xml; path = Info.plist; sourceTree = "<group>"; };
		FA70DF9926C29044006CC1E1 /* TodoAppUITests.xctest */ = {isa = PBXFileReference; explicitFileType = wrapper.cfbundle; includeInIndex = 0; path = TodoAppUITests.xctest; sourceTree = BUILT_PRODUCTS_DIR; };
		FA70DF9D26C29044006CC1E1 /* TodoAppUITests.swift */ = {isa = PBXFileReference; lastKnownFileType = sourcecode.swift; path = TodoAppUITests.swift; sourceTree = "<group>"; };
		FA70DF9F26C29044006CC1E1 /* Info.plist */ = {isa = PBXFileReference; lastKnownFileType = text.plist.xml; path = Info.plist; sourceTree = "<group>"; };
		FAA3455126CC71A90090B1BF /* UserDefaults+Ext.swift */ = {isa = PBXFileReference; lastKnownFileType = sourcecode.swift; path = "UserDefaults+Ext.swift"; sourceTree = "<group>"; };
		FAA3456B26CC78500090B1BF /* UIApplication+Ext.swift */ = {isa = PBXFileReference; lastKnownFileType = sourcecode.swift; path = "UIApplication+Ext.swift"; sourceTree = "<group>"; };
		FAA5A96126D59F9E000A74ED /* User.swift */ = {isa = PBXFileReference; fileEncoding = 4; lastKnownFileType = sourcecode.swift; path = User.swift; sourceTree = "<group>"; };
		FAA5A96226D59F9F000A74ED /* Task.swift */ = {isa = PBXFileReference; fileEncoding = 4; lastKnownFileType = sourcecode.swift; path = Task.swift; sourceTree = "<group>"; };
		FAA5A96826D5A099000A74ED /* HomeCoordinator.swift */ = {isa = PBXFileReference; fileEncoding = 4; lastKnownFileType = sourcecode.swift; path = HomeCoordinator.swift; sourceTree = "<group>"; };
		FAA5A96926D5A099000A74ED /* TabBarCoordinator.swift */ = {isa = PBXFileReference; fileEncoding = 4; lastKnownFileType = sourcecode.swift; path = TabBarCoordinator.swift; sourceTree = "<group>"; };
		FAA5A96A26D5A099000A74ED /* ApplicationCoordinator.swift */ = {isa = PBXFileReference; fileEncoding = 4; lastKnownFileType = sourcecode.swift; path = ApplicationCoordinator.swift; sourceTree = "<group>"; };
		FAA5A96B26D5A099000A74ED /* Coordinator.swift */ = {isa = PBXFileReference; fileEncoding = 4; lastKnownFileType = sourcecode.swift; path = Coordinator.swift; sourceTree = "<group>"; };
		FAA5A97326D5A0C8000A74ED /* Results+Ext.swift */ = {isa = PBXFileReference; fileEncoding = 4; lastKnownFileType = sourcecode.swift; path = "Results+Ext.swift"; sourceTree = "<group>"; };
		FAA5A97E26D5A109000A74ED /* RealmManager.swift */ = {isa = PBXFileReference; fileEncoding = 4; lastKnownFileType = sourcecode.swift; path = RealmManager.swift; sourceTree = "<group>"; };
		FAA5A98626D5A11E000A74ED /* RealmTask.swift */ = {isa = PBXFileReference; fileEncoding = 4; lastKnownFileType = sourcecode.swift; path = RealmTask.swift; sourceTree = "<group>"; };
		FAA5A98726D5A11E000A74ED /* RealmUser.swift */ = {isa = PBXFileReference; fileEncoding = 4; lastKnownFileType = sourcecode.swift; path = RealmUser.swift; sourceTree = "<group>"; };
		FAA5A99026D5A137000A74ED /* Assets.xcassets */ = {isa = PBXFileReference; lastKnownFileType = folder.assetcatalog; path = Assets.xcassets; sourceTree = "<group>"; };
		FAA5A99A26D5A153000A74ED /* LoginViewModel.swift */ = {isa = PBXFileReference; fileEncoding = 4; lastKnownFileType = sourcecode.swift; path = LoginViewModel.swift; sourceTree = "<group>"; };
		FAA5A99B26D5A153000A74ED /* LoginPasswordViewModel.swift */ = {isa = PBXFileReference; fileEncoding = 4; lastKnownFileType = sourcecode.swift; path = LoginPasswordViewModel.swift; sourceTree = "<group>"; };
		FAA5A99C26D5A153000A74ED /* LoginEmailViewModel.swift */ = {isa = PBXFileReference; fileEncoding = 4; lastKnownFileType = sourcecode.swift; path = LoginEmailViewModel.swift; sourceTree = "<group>"; };
		FAA5A99D26D5A153000A74ED /* FieldViewModel.swift */ = {isa = PBXFileReference; fileEncoding = 4; lastKnownFileType = sourcecode.swift; path = FieldViewModel.swift; sourceTree = "<group>"; };
		FAA5A99E26D5A153000A74ED /* LoginViewController.swift */ = {isa = PBXFileReference; fileEncoding = 4; lastKnownFileType = sourcecode.swift; path = LoginViewController.swift; sourceTree = "<group>"; };
		FAA5A9A126D5A153000A74ED /* RegisterPasswordViewModel.swift */ = {isa = PBXFileReference; fileEncoding = 4; lastKnownFileType = sourcecode.swift; path = RegisterPasswordViewModel.swift; sourceTree = "<group>"; };
		FAA5A9A226D5A153000A74ED /* RegisterRePasswordViewModel.swift */ = {isa = PBXFileReference; fileEncoding = 4; lastKnownFileType = sourcecode.swift; path = RegisterRePasswordViewModel.swift; sourceTree = "<group>"; };
		FAA5A9A326D5A153000A74ED /* RegisterEmailViewModel.swift */ = {isa = PBXFileReference; fileEncoding = 4; lastKnownFileType = sourcecode.swift; path = RegisterEmailViewModel.swift; sourceTree = "<group>"; };
		FAA5A9A426D5A153000A74ED /* RegisterViewModel.swift */ = {isa = PBXFileReference; fileEncoding = 4; lastKnownFileType = sourcecode.swift; path = RegisterViewModel.swift; sourceTree = "<group>"; };
		FAA5A9A526D5A153000A74ED /* RegisterViewController.swift */ = {isa = PBXFileReference; fileEncoding = 4; lastKnownFileType = sourcecode.swift; path = RegisterViewController.swift; sourceTree = "<group>"; };
		FAA5A9A726D5A153000A74ED /* BaseViewController.swift */ = {isa = PBXFileReference; fileEncoding = 4; lastKnownFileType = sourcecode.swift; path = BaseViewController.swift; sourceTree = "<group>"; };
		FAA5A9A826D5A153000A74ED /* BaseViewModel.swift */ = {isa = PBXFileReference; fileEncoding = 4; lastKnownFileType = sourcecode.swift; path = BaseViewModel.swift; sourceTree = "<group>"; };
		FAA5A9AA26D5A154000A74ED /* SplashViewController.swift */ = {isa = PBXFileReference; fileEncoding = 4; lastKnownFileType = sourcecode.swift; path = SplashViewController.swift; sourceTree = "<group>"; };
		FAA5A9AC26D5A154000A74ED /* HomeViewModel.swift */ = {isa = PBXFileReference; fileEncoding = 4; lastKnownFileType = sourcecode.swift; path = HomeViewModel.swift; sourceTree = "<group>"; };
		FAA5A9AD26D5A154000A74ED /* HomeViewController.swift */ = {isa = PBXFileReference; fileEncoding = 4; lastKnownFileType = sourcecode.swift; path = HomeViewController.swift; sourceTree = "<group>"; };
		FAA5A9C126D5A216000A74ED /* TaskTableViewCell.swift */ = {isa = PBXFileReference; lastKnownFileType = sourcecode.swift; path = TaskTableViewCell.swift; sourceTree = "<group>"; };
		FACC2B5026E0B41C00C172F7 /* ProfileCoordinator.swift */ = {isa = PBXFileReference; lastKnownFileType = sourcecode.swift; path = ProfileCoordinator.swift; sourceTree = "<group>"; };
		FACC2B5526E0B42B00C172F7 /* ProfileViewController.swift */ = {isa = PBXFileReference; lastKnownFileType = sourcecode.swift; path = ProfileViewController.swift; sourceTree = "<group>"; };
		FACC2B5A26E0B43600C172F7 /* ProfileViewModel.swift */ = {isa = PBXFileReference; lastKnownFileType = sourcecode.swift; path = ProfileViewModel.swift; sourceTree = "<group>"; };
		FAD51C7526D431D600FDB399 /* AlertManager.swift */ = {isa = PBXFileReference; lastKnownFileType = sourcecode.swift; path = AlertManager.swift; sourceTree = "<group>"; };
		FADF82B426CA68BC0044E9B1 /* Font.swift */ = {isa = PBXFileReference; lastKnownFileType = sourcecode.swift; path = Font.swift; sourceTree = "<group>"; };
		FADF82BF26CA69EC0044E9B1 /* Avenir-Heavy.ttf */ = {isa = PBXFileReference; lastKnownFileType = file; path = "Avenir-Heavy.ttf"; sourceTree = "<group>"; };
		FADF82C426CA6A060044E9B1 /* Avenir-Book.ttf */ = {isa = PBXFileReference; lastKnownFileType = file; path = "Avenir-Book.ttf"; sourceTree = "<group>"; };
		FADF82C926CA6A350044E9B1 /* Avenir-Black.ttf */ = {isa = PBXFileReference; lastKnownFileType = file; path = "Avenir-Black.ttf"; sourceTree = "<group>"; };
		FAEA656526C2AC5C00B5DF46 /* UIColor+Ext.swift */ = {isa = PBXFileReference; fileEncoding = 4; lastKnownFileType = sourcecode.swift; path = "UIColor+Ext.swift"; sourceTree = "<group>"; };
		FAEA656626C2AC5C00B5DF46 /* UIImageView+Ext.swift */ = {isa = PBXFileReference; fileEncoding = 4; lastKnownFileType = sourcecode.swift; path = "UIImageView+Ext.swift"; sourceTree = "<group>"; };
		FAEA656726C2AC5D00B5DF46 /* UIImage+Ext.swift */ = {isa = PBXFileReference; fileEncoding = 4; lastKnownFileType = sourcecode.swift; path = "UIImage+Ext.swift"; sourceTree = "<group>"; };
		FAEB4E9126D8F45500CD5FCA /* MenuViewModel.swift */ = {isa = PBXFileReference; lastKnownFileType = sourcecode.swift; path = MenuViewModel.swift; sourceTree = "<group>"; };
/* End PBXFileReference section */

/* Begin PBXFrameworksBuildPhase section */
		FA70DF7526C29042006CC1E1 /* Frameworks */ = {
			isa = PBXFrameworksBuildPhase;
			buildActionMask = 2147483647;
			files = (
				FA0F2C6926D439BD005B825C /* RealmSwift in Frameworks */,
				FA0F2C6726D439BD005B825C /* Realm in Frameworks */,
				FADF832226CA95780044E9B1 /* RxRelay in Frameworks */,
				FAEF4B4426D3DE7600EB7FDB /* SwiftMessages in Frameworks */,
				FAEF4B3E26D3DB8800EB7FDB /* SnapKit in Frameworks */,
				FADF832026CA95780044E9B1 /* RxSwift in Frameworks */,
				FA1CDA6A26DE224C0059E1D5 /* RxDataSources in Frameworks */,
				FADF832426CA95780044E9B1 /* RxCocoa in Frameworks */,
				FADF832626CA95780044E9B1 /* RxBlocking in Frameworks */,
			);
			runOnlyForDeploymentPostprocessing = 0;
		};
		FA70DF8B26C29044006CC1E1 /* Frameworks */ = {
			isa = PBXFrameworksBuildPhase;
			buildActionMask = 2147483647;
			files = (
			);
			runOnlyForDeploymentPostprocessing = 0;
		};
		FA70DF9626C29044006CC1E1 /* Frameworks */ = {
			isa = PBXFrameworksBuildPhase;
			buildActionMask = 2147483647;
			files = (
			);
			runOnlyForDeploymentPostprocessing = 0;
		};
/* End PBXFrameworksBuildPhase section */

/* Begin PBXGroup section */
		FA1CDA5F26DE1A6B0059E1D5 /* HeaderView */ = {
			isa = PBXGroup;
			children = (
				FA1CDA6026DE1A960059E1D5 /* SchedulerTableViewHeaderFooterView.swift */,
			);
			path = HeaderView;
			sourceTree = "<group>";
		};
		FA1CDA7C26DE43010059E1D5 /* NewTask */ = {
			isa = PBXGroup;
			children = (
				FA1CDA7D26DE431C0059E1D5 /* NewTaskViewController.swift */,
				FA1CDA8526DE43260059E1D5 /* NewTaskViewModel.swift */,
			);
			path = NewTask;
			sourceTree = "<group>";
		};
		FA217B1726D64518003C62A5 /* LeftMenu */ = {
			isa = PBXGroup;
			children = (
				FAD6280E26D7C1EF00EC2C3F /* Cells */,
				FA217B1826D64527003C62A5 /* MenuViewController.swift */,
				FAEB4E9126D8F45500CD5FCA /* MenuViewModel.swift */,
			);
			path = LeftMenu;
			sourceTree = "<group>";
		};
		FA48E2BA26D8FC4800FBABDA /* Scheduler */ = {
			isa = PBXGroup;
			children = (
				FA1CDA5F26DE1A6B0059E1D5 /* HeaderView */,
				FA48E2BB26D8FC9000FBABDA /* SchedulerViewController.swift */,
				FA48E2C326D8FC9C00FBABDA /* SchedulerViewModel.swift */,
			);
			path = Scheduler;
			sourceTree = "<group>";
		};
		FA70DF6F26C29042006CC1E1 = {
			isa = PBXGroup;
			children = (
				FA70DF7A26C29042006CC1E1 /* TodoApp */,
				FA70DF9126C29044006CC1E1 /* TodoAppTests */,
				FA70DF9C26C29044006CC1E1 /* TodoAppUITests */,
				FA70DF7926C29042006CC1E1 /* Products */,
			);
			sourceTree = "<group>";
		};
		FA70DF7926C29042006CC1E1 /* Products */ = {
			isa = PBXGroup;
			children = (
				FA70DF7826C29042006CC1E1 /* TodoApp.app */,
				FA70DF8E26C29044006CC1E1 /* TodoAppTests.xctest */,
				FA70DF9926C29044006CC1E1 /* TodoAppUITests.xctest */,
			);
			name = Products;
			sourceTree = "<group>";
		};
		FA70DF7A26C29042006CC1E1 /* TodoApp */ = {
			isa = PBXGroup;
			children = (
				FAD51C7A26D432C900FDB399 /* AlertManager */,
				FAEA651E26C2A9DE00B5DF46 /* Application */,
				FAE2563526D4D4CE001AA7B3 /* Classes */,
				FAEA652926C2AA0500B5DF46 /* Constants */,
				FAEA652A26C2AA0E00B5DF46 /* Coordinator */,
				FAEA652B26C2AA1900B5DF46 /* Extensions */,
				FAB59DE226DEACB5004D8218 /* LocalModels */,
				FAE2562926D450CB001AA7B3 /* RealmManager */,
				FAEA652526C2A9EB00B5DF46 /* Resources */,
				FAEA652D26C2AA3000B5DF46 /* Scenes */,
				FAEA651726C2A99D00B5DF46 /* Supporting Files */,
			);
			path = TodoApp;
			sourceTree = "<group>";
		};
		FA70DF9126C29044006CC1E1 /* TodoAppTests */ = {
			isa = PBXGroup;
			children = (
				FA70DF9226C29044006CC1E1 /* TodoAppTests.swift */,
				FA70DF9426C29044006CC1E1 /* Info.plist */,
			);
			path = TodoAppTests;
			sourceTree = "<group>";
		};
		FA70DF9C26C29044006CC1E1 /* TodoAppUITests */ = {
			isa = PBXGroup;
			children = (
				FA70DF9D26C29044006CC1E1 /* TodoAppUITests.swift */,
				FA70DF9F26C29044006CC1E1 /* Info.plist */,
			);
			path = TodoAppUITests;
			sourceTree = "<group>";
		};
		FAA3458626CC889B0090B1BF /* Models */ = {
			isa = PBXGroup;
			children = (
				FAA5A98626D5A11E000A74ED /* RealmTask.swift */,
				FAA5A98726D5A11E000A74ED /* RealmUser.swift */,
			);
			path = Models;
			sourceTree = "<group>";
		};
		FAA5A99826D5A153000A74ED /* Login */ = {
			isa = PBXGroup;
			children = (
				FAA5A99926D5A153000A74ED /* ViewModels */,
				FAA5A99E26D5A153000A74ED /* LoginViewController.swift */,
			);
			path = Login;
			sourceTree = "<group>";
		};
		FAA5A99926D5A153000A74ED /* ViewModels */ = {
			isa = PBXGroup;
			children = (
				FAA5A99A26D5A153000A74ED /* LoginViewModel.swift */,
				FAA5A99B26D5A153000A74ED /* LoginPasswordViewModel.swift */,
				FAA5A99C26D5A153000A74ED /* LoginEmailViewModel.swift */,
				FAA5A99D26D5A153000A74ED /* FieldViewModel.swift */,
			);
			path = ViewModels;
			sourceTree = "<group>";
		};
		FAA5A99F26D5A153000A74ED /* Register */ = {
			isa = PBXGroup;
			children = (
				FAA5A9A026D5A153000A74ED /* ViewModels */,
				FAA5A9A526D5A153000A74ED /* RegisterViewController.swift */,
			);
			path = Register;
			sourceTree = "<group>";
		};
		FAA5A9A026D5A153000A74ED /* ViewModels */ = {
			isa = PBXGroup;
			children = (
				FAA5A9A126D5A153000A74ED /* RegisterPasswordViewModel.swift */,
				FAA5A9A226D5A153000A74ED /* RegisterRePasswordViewModel.swift */,
				FAA5A9A326D5A153000A74ED /* RegisterEmailViewModel.swift */,
				FAA5A9A426D5A153000A74ED /* RegisterViewModel.swift */,
			);
			path = ViewModels;
			sourceTree = "<group>";
		};
		FAA5A9A626D5A153000A74ED /* Base */ = {
			isa = PBXGroup;
			children = (
				FAA5A9A726D5A153000A74ED /* BaseViewController.swift */,
				FAA5A9A826D5A153000A74ED /* BaseViewModel.swift */,
			);
			path = Base;
			sourceTree = "<group>";
		};
		FAA5A9A926D5A154000A74ED /* Splash */ = {
			isa = PBXGroup;
			children = (
				FAA5A9AA26D5A154000A74ED /* SplashViewController.swift */,
			);
			path = Splash;
			sourceTree = "<group>";
		};
		FAA5A9AB26D5A154000A74ED /* Home */ = {
			isa = PBXGroup;
			children = (
				FAA5A9C026D5A1DF000A74ED /* Cells */,
				FAA5A9AC26D5A154000A74ED /* HomeViewModel.swift */,
				FAA5A9AD26D5A154000A74ED /* HomeViewController.swift */,
			);
			path = Home;
			sourceTree = "<group>";
		};
		FAA5A9C026D5A1DF000A74ED /* Cells */ = {
			isa = PBXGroup;
			children = (
				FAA5A9C126D5A216000A74ED /* TaskTableViewCell.swift */,
			);
			path = Cells;
			sourceTree = "<group>";
		};
		FAB59DE226DEACB5004D8218 /* LocalModels */ = {
			isa = PBXGroup;
			children = (
				FA1CDA6F26DE22B70059E1D5 /* SchedulerSection.swift */,
			);
			path = LocalModels;
			sourceTree = "<group>";
		};
		FACC2B4926E0B3E900C172F7 /* Profile */ = {
			isa = PBXGroup;
			children = (
				FACC2B5526E0B42B00C172F7 /* ProfileViewController.swift */,
				FACC2B5A26E0B43600C172F7 /* ProfileViewModel.swift */,
			);
			path = Profile;
			sourceTree = "<group>";
		};
		FAD51C7A26D432C900FDB399 /* AlertManager */ = {
			isa = PBXGroup;
			children = (
				FAD51C7526D431D600FDB399 /* AlertManager.swift */,
			);
			path = AlertManager;
			sourceTree = "<group>";
		};
		FAD6280E26D7C1EF00EC2C3F /* Cells */ = {
			isa = PBXGroup;
			children = (
				FA217BC826D78EBF003C62A5 /* MenuTableViewCell.swift */,
			);
			path = Cells;
			sourceTree = "<group>";
		};
		FADF828926CA64E30044E9B1 /* Fonts */ = {
			isa = PBXGroup;
			children = (
				FADF828A26CA64E90044E9B1 /* Avenir */,
			);
			path = Fonts;
			sourceTree = "<group>";
		};
		FADF828A26CA64E90044E9B1 /* Avenir */ = {
			isa = PBXGroup;
			children = (
				FADF82C926CA6A350044E9B1 /* Avenir-Black.ttf */,
				FADF82C426CA6A060044E9B1 /* Avenir-Book.ttf */,
				FADF82BF26CA69EC0044E9B1 /* Avenir-Heavy.ttf */,
			);
			path = Avenir;
			sourceTree = "<group>";
		};
		FAE2562926D450CB001AA7B3 /* RealmManager */ = {
			isa = PBXGroup;
			children = (
				FAA3458626CC889B0090B1BF /* Models */,
				FAA5A97E26D5A109000A74ED /* RealmManager.swift */,
			);
			path = RealmManager;
			sourceTree = "<group>";
		};
		FAE2563526D4D4CE001AA7B3 /* Classes */ = {
			isa = PBXGroup;
			children = (
				FAA5A96226D59F9F000A74ED /* Task.swift */,
				FAA5A96126D59F9E000A74ED /* User.swift */,
			);
			path = Classes;
			sourceTree = "<group>";
		};
		FAEA651726C2A99D00B5DF46 /* Supporting Files */ = {
			isa = PBXGroup;
			children = (
				FA70DF8626C29044006CC1E1 /* LaunchScreen.storyboard */,
				FA70DF8926C29044006CC1E1 /* Info.plist */,
			);
			path = "Supporting Files";
			sourceTree = "<group>";
		};
		FAEA651E26C2A9DE00B5DF46 /* Application */ = {
			isa = PBXGroup;
			children = (
				FA70DF7B26C29042006CC1E1 /* AppDelegate.swift */,
			);
			path = Application;
			sourceTree = "<group>";
		};
		FAEA652526C2A9EB00B5DF46 /* Resources */ = {
			isa = PBXGroup;
			children = (
				FAA5A99026D5A137000A74ED /* Assets.xcassets */,
				FADF828926CA64E30044E9B1 /* Fonts */,
			);
			path = Resources;
			sourceTree = "<group>";
			usesTabs = 0;
		};
		FAEA652926C2AA0500B5DF46 /* Constants */ = {
			isa = PBXGroup;
			children = (
				FA6314B126C2AEE900B044ED /* Color.swift */,
				FADF82B426CA68BC0044E9B1 /* Font.swift */,
			);
			path = Constants;
			sourceTree = "<group>";
		};
		FAEA652A26C2AA0E00B5DF46 /* Coordinator */ = {
			isa = PBXGroup;
			children = (
				FAA5A96A26D5A099000A74ED /* ApplicationCoordinator.swift */,
				FAA5A96B26D5A099000A74ED /* Coordinator.swift */,
				FAA5A96826D5A099000A74ED /* HomeCoordinator.swift */,
				FAA5A96926D5A099000A74ED /* TabBarCoordinator.swift */,
				FA48E2C826D8FD2100FBABDA /* SchedulerCoordinator.swift */,
				FA1CDA8A26DE43640059E1D5 /* NewTaskCoordinator.swift */,
				FACC2B5026E0B41C00C172F7 /* ProfileCoordinator.swift */,
			);
			path = Coordinator;
			sourceTree = "<group>";
		};
		FAEA652B26C2AA1900B5DF46 /* Extensions */ = {
			isa = PBXGroup;
			children = (
				FAA5A97326D5A0C8000A74ED /* Results+Ext.swift */,
				FAEA656526C2AC5C00B5DF46 /* UIColor+Ext.swift */,
				FAEA656726C2AC5D00B5DF46 /* UIImage+Ext.swift */,
				FAEA656626C2AC5C00B5DF46 /* UIImageView+Ext.swift */,
				FAA3455126CC71A90090B1BF /* UserDefaults+Ext.swift */,
				FAA3456B26CC78500090B1BF /* UIApplication+Ext.swift */,
				FA217B1226D62880003C62A5 /* UITableViewCell+Ext.swift */,
				FA217BCD26D7BF32003C62A5 /* UITableView+Ext.swift */,
			);
			path = Extensions;
			sourceTree = "<group>";
		};
		FAEA652D26C2AA3000B5DF46 /* Scenes */ = {
			isa = PBXGroup;
			children = (
				FACC2B4926E0B3E900C172F7 /* Profile */,
				FA1CDA7C26DE43010059E1D5 /* NewTask */,
				FA48E2BA26D8FC4800FBABDA /* Scheduler */,
				FA217B1726D64518003C62A5 /* LeftMenu */,
				FAA5A9A626D5A153000A74ED /* Base */,
				FAA5A9AB26D5A154000A74ED /* Home */,
				FAA5A99826D5A153000A74ED /* Login */,
				FAA5A99F26D5A153000A74ED /* Register */,
				FAA5A9A926D5A154000A74ED /* Splash */,
			);
			path = Scenes;
			sourceTree = "<group>";
		};
/* End PBXGroup section */

/* Begin PBXNativeTarget section */
		FA70DF7726C29042006CC1E1 /* TodoApp */ = {
			isa = PBXNativeTarget;
			buildConfigurationList = FA70DFA226C29044006CC1E1 /* Build configuration list for PBXNativeTarget "TodoApp" */;
			buildPhases = (
				FA70DF7426C29042006CC1E1 /* Sources */,
				FA70DF7526C29042006CC1E1 /* Frameworks */,
				FA70DF7626C29042006CC1E1 /* Resources */,
			);
			buildRules = (
			);
			dependencies = (
			);
			name = TodoApp;
			packageProductDependencies = (
				FADF831F26CA95780044E9B1 /* RxSwift */,
				FADF832126CA95780044E9B1 /* RxRelay */,
				FADF832326CA95780044E9B1 /* RxCocoa */,
				FADF832526CA95780044E9B1 /* RxBlocking */,
				FAEF4B3D26D3DB8800EB7FDB /* SnapKit */,
				FAEF4B4326D3DE7600EB7FDB /* SwiftMessages */,
				FA0F2C6626D439BD005B825C /* Realm */,
				FA0F2C6826D439BD005B825C /* RealmSwift */,
				FA1CDA6926DE224C0059E1D5 /* RxDataSources */,
			);
			productName = TodoApp;
			productReference = FA70DF7826C29042006CC1E1 /* TodoApp.app */;
			productType = "com.apple.product-type.application";
		};
		FA70DF8D26C29044006CC1E1 /* TodoAppTests */ = {
			isa = PBXNativeTarget;
			buildConfigurationList = FA70DFA526C29044006CC1E1 /* Build configuration list for PBXNativeTarget "TodoAppTests" */;
			buildPhases = (
				FA70DF8A26C29044006CC1E1 /* Sources */,
				FA70DF8B26C29044006CC1E1 /* Frameworks */,
				FA70DF8C26C29044006CC1E1 /* Resources */,
			);
			buildRules = (
			);
			dependencies = (
				FA70DF9026C29044006CC1E1 /* PBXTargetDependency */,
			);
			name = TodoAppTests;
			productName = TodoAppTests;
			productReference = FA70DF8E26C29044006CC1E1 /* TodoAppTests.xctest */;
			productType = "com.apple.product-type.bundle.unit-test";
		};
		FA70DF9826C29044006CC1E1 /* TodoAppUITests */ = {
			isa = PBXNativeTarget;
			buildConfigurationList = FA70DFA826C29044006CC1E1 /* Build configuration list for PBXNativeTarget "TodoAppUITests" */;
			buildPhases = (
				FA70DF9526C29044006CC1E1 /* Sources */,
				FA70DF9626C29044006CC1E1 /* Frameworks */,
				FA70DF9726C29044006CC1E1 /* Resources */,
			);
			buildRules = (
			);
			dependencies = (
				FA70DF9B26C29044006CC1E1 /* PBXTargetDependency */,
			);
			name = TodoAppUITests;
			productName = TodoAppUITests;
			productReference = FA70DF9926C29044006CC1E1 /* TodoAppUITests.xctest */;
			productType = "com.apple.product-type.bundle.ui-testing";
		};
/* End PBXNativeTarget section */

/* Begin PBXProject section */
		FA70DF7026C29042006CC1E1 /* Project object */ = {
			isa = PBXProject;
			attributes = {
				LastSwiftUpdateCheck = 1240;
				LastUpgradeCheck = 1240;
				TargetAttributes = {
					FA70DF7726C29042006CC1E1 = {
						CreatedOnToolsVersion = 12.4;
					};
					FA70DF8D26C29044006CC1E1 = {
						CreatedOnToolsVersion = 12.4;
						TestTargetID = FA70DF7726C29042006CC1E1;
					};
					FA70DF9826C29044006CC1E1 = {
						CreatedOnToolsVersion = 12.4;
						TestTargetID = FA70DF7726C29042006CC1E1;
					};
				};
			};
			buildConfigurationList = FA70DF7326C29042006CC1E1 /* Build configuration list for PBXProject "TodoApp" */;
			compatibilityVersion = "Xcode 9.3";
			developmentRegion = en;
			hasScannedForEncodings = 0;
			knownRegions = (
				en,
				Base,
			);
			mainGroup = FA70DF6F26C29042006CC1E1;
			packageReferences = (
				FADF831E26CA95780044E9B1 /* XCRemoteSwiftPackageReference "RxSwift" */,
				FAEF4B3C26D3DB8800EB7FDB /* XCRemoteSwiftPackageReference "SnapKit" */,
				FAEF4B4226D3DE7600EB7FDB /* XCRemoteSwiftPackageReference "SwiftMessages" */,
				FA0F2C6526D439BD005B825C /* XCRemoteSwiftPackageReference "realm-cocoa" */,
				FA1CDA6826DE224C0059E1D5 /* XCRemoteSwiftPackageReference "RxDataSources" */,
			);
			productRefGroup = FA70DF7926C29042006CC1E1 /* Products */;
			projectDirPath = "";
			projectRoot = "";
			targets = (
				FA70DF7726C29042006CC1E1 /* TodoApp */,
				FA70DF8D26C29044006CC1E1 /* TodoAppTests */,
				FA70DF9826C29044006CC1E1 /* TodoAppUITests */,
			);
		};
/* End PBXProject section */

/* Begin PBXResourcesBuildPhase section */
		FA70DF7626C29042006CC1E1 /* Resources */ = {
			isa = PBXResourcesBuildPhase;
			buildActionMask = 2147483647;
			files = (
				FA70DF8826C29044006CC1E1 /* LaunchScreen.storyboard in Resources */,
				FADF82C026CA69EC0044E9B1 /* Avenir-Heavy.ttf in Resources */,
				FADF82C526CA6A060044E9B1 /* Avenir-Book.ttf in Resources */,
				FADF82CA26CA6A350044E9B1 /* Avenir-Black.ttf in Resources */,
				FAA5A99126D5A137000A74ED /* Assets.xcassets in Resources */,
			);
			runOnlyForDeploymentPostprocessing = 0;
		};
		FA70DF8C26C29044006CC1E1 /* Resources */ = {
			isa = PBXResourcesBuildPhase;
			buildActionMask = 2147483647;
			files = (
			);
			runOnlyForDeploymentPostprocessing = 0;
		};
		FA70DF9726C29044006CC1E1 /* Resources */ = {
			isa = PBXResourcesBuildPhase;
			buildActionMask = 2147483647;
			files = (
			);
			runOnlyForDeploymentPostprocessing = 0;
		};
/* End PBXResourcesBuildPhase section */

/* Begin PBXSourcesBuildPhase section */
		FA70DF7426C29042006CC1E1 /* Sources */ = {
			isa = PBXSourcesBuildPhase;
			buildActionMask = 2147483647;
			files = (
				FA1CDA7026DE22B70059E1D5 /* SchedulerSection.swift in Sources */,
				FAEA656926C2AC5D00B5DF46 /* UIImageView+Ext.swift in Sources */,
				FA217B1326D62881003C62A5 /* UITableViewCell+Ext.swift in Sources */,
				FAA5A9BB26D5A154000A74ED /* HomeViewModel.swift in Sources */,
				FA1CDA8B26DE43640059E1D5 /* NewTaskCoordinator.swift in Sources */,
				FADF82B526CA68BC0044E9B1 /* Font.swift in Sources */,
				FAA5A9BC26D5A154000A74ED /* HomeViewController.swift in Sources */,
				FAA5A96C26D5A099000A74ED /* HomeCoordinator.swift in Sources */,
				FAA5A96326D59F9F000A74ED /* User.swift in Sources */,
				FAA5A96D26D5A099000A74ED /* TabBarCoordinator.swift in Sources */,
				FA1CDA6126DE1A960059E1D5 /* SchedulerTableViewHeaderFooterView.swift in Sources */,
				FAA5A9C226D5A216000A74ED /* TaskTableViewCell.swift in Sources */,
				FAA5A9B826D5A154000A74ED /* BaseViewController.swift in Sources */,
				FAA5A9B026D5A154000A74ED /* LoginEmailViewModel.swift in Sources */,
				FAA5A9B326D5A154000A74ED /* RegisterPasswordViewModel.swift in Sources */,
				FA217BC926D78EBF003C62A5 /* MenuTableViewCell.swift in Sources */,
				FA48E2BC26D8FC9000FBABDA /* SchedulerViewController.swift in Sources */,
				FAA5A97426D5A0C8000A74ED /* Results+Ext.swift in Sources */,
				FAEA656826C2AC5D00B5DF46 /* UIColor+Ext.swift in Sources */,
				FAA5A9B126D5A154000A74ED /* FieldViewModel.swift in Sources */,
				FA6314B226C2AEE900B044ED /* Color.swift in Sources */,
				FAA5A9AE26D5A154000A74ED /* LoginViewModel.swift in Sources */,
				FACC2B5626E0B42B00C172F7 /* ProfileViewController.swift in Sources */,
				FAA5A9B926D5A154000A74ED /* BaseViewModel.swift in Sources */,
				FA1CDA7E26DE431C0059E1D5 /* NewTaskViewController.swift in Sources */,
				FA48E2C426D8FC9C00FBABDA /* SchedulerViewModel.swift in Sources */,
				FAA5A98826D5A11E000A74ED /* RealmTask.swift in Sources */,
				FAA5A9B226D5A154000A74ED /* LoginViewController.swift in Sources */,
				FAA3456C26CC78500090B1BF /* UIApplication+Ext.swift in Sources */,
				FA48E2C926D8FD2100FBABDA /* SchedulerCoordinator.swift in Sources */,
				FACC2B5B26E0B43600C172F7 /* ProfileViewModel.swift in Sources */,
				FAA5A9B426D5A154000A74ED /* RegisterRePasswordViewModel.swift in Sources */,
				FA1CDA8626DE43260059E1D5 /* NewTaskViewModel.swift in Sources */,
				FAEB4E9226D8F45500CD5FCA /* MenuViewModel.swift in Sources */,
				FA217BCE26D7BF32003C62A5 /* UITableView+Ext.swift in Sources */,
				FA70DF7C26C29042006CC1E1 /* AppDelegate.swift in Sources */,
				FAA5A98926D5A11E000A74ED /* RealmUser.swift in Sources */,
				FAA5A96F26D5A099000A74ED /* Coordinator.swift in Sources */,
				FACC2B5126E0B41C00C172F7 /* ProfileCoordinator.swift in Sources */,
				FAEA656A26C2AC5D00B5DF46 /* UIImage+Ext.swift in Sources */,
				FA217B1926D64527003C62A5 /* MenuViewController.swift in Sources */,
				FAD51C7626D431D600FDB399 /* AlertManager.swift in Sources */,
				FAA3455226CC71A90090B1BF /* UserDefaults+Ext.swift in Sources */,
				FAA5A96426D59F9F000A74ED /* Task.swift in Sources */,
				FAA5A9B626D5A154000A74ED /* RegisterViewModel.swift in Sources */,
				FAA5A97F26D5A109000A74ED /* RealmManager.swift in Sources */,
				FAA5A9AF26D5A154000A74ED /* LoginPasswordViewModel.swift in Sources */,
				FAA5A96E26D5A099000A74ED /* ApplicationCoordinator.swift in Sources */,
				FAA5A9B526D5A154000A74ED /* RegisterEmailViewModel.swift in Sources */,
				FAA5A9B726D5A154000A74ED /* RegisterViewController.swift in Sources */,
				FAA5A9BA26D5A154000A74ED /* SplashViewController.swift in Sources */,
			);
			runOnlyForDeploymentPostprocessing = 0;
		};
		FA70DF8A26C29044006CC1E1 /* Sources */ = {
			isa = PBXSourcesBuildPhase;
			buildActionMask = 2147483647;
			files = (
				FA70DF9326C29044006CC1E1 /* TodoAppTests.swift in Sources */,
			);
			runOnlyForDeploymentPostprocessing = 0;
		};
		FA70DF9526C29044006CC1E1 /* Sources */ = {
			isa = PBXSourcesBuildPhase;
			buildActionMask = 2147483647;
			files = (
				FA70DF9E26C29044006CC1E1 /* TodoAppUITests.swift in Sources */,
			);
			runOnlyForDeploymentPostprocessing = 0;
		};
/* End PBXSourcesBuildPhase section */

/* Begin PBXTargetDependency section */
		FA70DF9026C29044006CC1E1 /* PBXTargetDependency */ = {
			isa = PBXTargetDependency;
			target = FA70DF7726C29042006CC1E1 /* TodoApp */;
			targetProxy = FA70DF8F26C29044006CC1E1 /* PBXContainerItemProxy */;
		};
		FA70DF9B26C29044006CC1E1 /* PBXTargetDependency */ = {
			isa = PBXTargetDependency;
			target = FA70DF7726C29042006CC1E1 /* TodoApp */;
			targetProxy = FA70DF9A26C29044006CC1E1 /* PBXContainerItemProxy */;
		};
/* End PBXTargetDependency section */

/* Begin PBXVariantGroup section */
		FA70DF8626C29044006CC1E1 /* LaunchScreen.storyboard */ = {
			isa = PBXVariantGroup;
			children = (
				FA70DF8726C29044006CC1E1 /* Base */,
			);
			name = LaunchScreen.storyboard;
			sourceTree = "<group>";
		};
/* End PBXVariantGroup section */

/* Begin XCBuildConfiguration section */
		FA70DFA026C29044006CC1E1 /* Debug */ = {
			isa = XCBuildConfiguration;
			buildSettings = {
				ALWAYS_SEARCH_USER_PATHS = NO;
				CLANG_ANALYZER_NONNULL = YES;
				CLANG_ANALYZER_NUMBER_OBJECT_CONVERSION = YES_AGGRESSIVE;
				CLANG_CXX_LANGUAGE_STANDARD = "gnu++14";
				CLANG_CXX_LIBRARY = "libc++";
				CLANG_ENABLE_MODULES = YES;
				CLANG_ENABLE_OBJC_ARC = YES;
				CLANG_ENABLE_OBJC_WEAK = YES;
				CLANG_WARN_BLOCK_CAPTURE_AUTORELEASING = YES;
				CLANG_WARN_BOOL_CONVERSION = YES;
				CLANG_WARN_COMMA = YES;
				CLANG_WARN_CONSTANT_CONVERSION = YES;
				CLANG_WARN_DEPRECATED_OBJC_IMPLEMENTATIONS = YES;
				CLANG_WARN_DIRECT_OBJC_ISA_USAGE = YES_ERROR;
				CLANG_WARN_DOCUMENTATION_COMMENTS = YES;
				CLANG_WARN_EMPTY_BODY = YES;
				CLANG_WARN_ENUM_CONVERSION = YES;
				CLANG_WARN_INFINITE_RECURSION = YES;
				CLANG_WARN_INT_CONVERSION = YES;
				CLANG_WARN_NON_LITERAL_NULL_CONVERSION = YES;
				CLANG_WARN_OBJC_IMPLICIT_RETAIN_SELF = YES;
				CLANG_WARN_OBJC_LITERAL_CONVERSION = YES;
				CLANG_WARN_OBJC_ROOT_CLASS = YES_ERROR;
				CLANG_WARN_QUOTED_INCLUDE_IN_FRAMEWORK_HEADER = YES;
				CLANG_WARN_RANGE_LOOP_ANALYSIS = YES;
				CLANG_WARN_STRICT_PROTOTYPES = YES;
				CLANG_WARN_SUSPICIOUS_MOVE = YES;
				CLANG_WARN_UNGUARDED_AVAILABILITY = YES_AGGRESSIVE;
				CLANG_WARN_UNREACHABLE_CODE = YES;
				CLANG_WARN__DUPLICATE_METHOD_MATCH = YES;
				COPY_PHASE_STRIP = NO;
				DEBUG_INFORMATION_FORMAT = dwarf;
				ENABLE_STRICT_OBJC_MSGSEND = YES;
				ENABLE_TESTABILITY = YES;
				GCC_C_LANGUAGE_STANDARD = gnu11;
				GCC_DYNAMIC_NO_PIC = NO;
				GCC_NO_COMMON_BLOCKS = YES;
				GCC_OPTIMIZATION_LEVEL = 0;
				GCC_PREPROCESSOR_DEFINITIONS = (
					"DEBUG=1",
					"$(inherited)",
				);
				GCC_WARN_64_TO_32_BIT_CONVERSION = YES;
				GCC_WARN_ABOUT_RETURN_TYPE = YES_ERROR;
				GCC_WARN_UNDECLARED_SELECTOR = YES;
				GCC_WARN_UNINITIALIZED_AUTOS = YES_AGGRESSIVE;
				GCC_WARN_UNUSED_FUNCTION = YES;
				GCC_WARN_UNUSED_VARIABLE = YES;
				IPHONEOS_DEPLOYMENT_TARGET = 14.0;
				MTL_ENABLE_DEBUG_INFO = INCLUDE_SOURCE;
				MTL_FAST_MATH = YES;
				ONLY_ACTIVE_ARCH = YES;
				SDKROOT = iphoneos;
				SWIFT_ACTIVE_COMPILATION_CONDITIONS = DEBUG;
				SWIFT_OPTIMIZATION_LEVEL = "-Onone";
			};
			name = Debug;
		};
		FA70DFA126C29044006CC1E1 /* Release */ = {
			isa = XCBuildConfiguration;
			buildSettings = {
				ALWAYS_SEARCH_USER_PATHS = NO;
				CLANG_ANALYZER_NONNULL = YES;
				CLANG_ANALYZER_NUMBER_OBJECT_CONVERSION = YES_AGGRESSIVE;
				CLANG_CXX_LANGUAGE_STANDARD = "gnu++14";
				CLANG_CXX_LIBRARY = "libc++";
				CLANG_ENABLE_MODULES = YES;
				CLANG_ENABLE_OBJC_ARC = YES;
				CLANG_ENABLE_OBJC_WEAK = YES;
				CLANG_WARN_BLOCK_CAPTURE_AUTORELEASING = YES;
				CLANG_WARN_BOOL_CONVERSION = YES;
				CLANG_WARN_COMMA = YES;
				CLANG_WARN_CONSTANT_CONVERSION = YES;
				CLANG_WARN_DEPRECATED_OBJC_IMPLEMENTATIONS = YES;
				CLANG_WARN_DIRECT_OBJC_ISA_USAGE = YES_ERROR;
				CLANG_WARN_DOCUMENTATION_COMMENTS = YES;
				CLANG_WARN_EMPTY_BODY = YES;
				CLANG_WARN_ENUM_CONVERSION = YES;
				CLANG_WARN_INFINITE_RECURSION = YES;
				CLANG_WARN_INT_CONVERSION = YES;
				CLANG_WARN_NON_LITERAL_NULL_CONVERSION = YES;
				CLANG_WARN_OBJC_IMPLICIT_RETAIN_SELF = YES;
				CLANG_WARN_OBJC_LITERAL_CONVERSION = YES;
				CLANG_WARN_OBJC_ROOT_CLASS = YES_ERROR;
				CLANG_WARN_QUOTED_INCLUDE_IN_FRAMEWORK_HEADER = YES;
				CLANG_WARN_RANGE_LOOP_ANALYSIS = YES;
				CLANG_WARN_STRICT_PROTOTYPES = YES;
				CLANG_WARN_SUSPICIOUS_MOVE = YES;
				CLANG_WARN_UNGUARDED_AVAILABILITY = YES_AGGRESSIVE;
				CLANG_WARN_UNREACHABLE_CODE = YES;
				CLANG_WARN__DUPLICATE_METHOD_MATCH = YES;
				COPY_PHASE_STRIP = NO;
				DEBUG_INFORMATION_FORMAT = "dwarf-with-dsym";
				ENABLE_NS_ASSERTIONS = NO;
				ENABLE_STRICT_OBJC_MSGSEND = YES;
				GCC_C_LANGUAGE_STANDARD = gnu11;
				GCC_NO_COMMON_BLOCKS = YES;
				GCC_WARN_64_TO_32_BIT_CONVERSION = YES;
				GCC_WARN_ABOUT_RETURN_TYPE = YES_ERROR;
				GCC_WARN_UNDECLARED_SELECTOR = YES;
				GCC_WARN_UNINITIALIZED_AUTOS = YES_AGGRESSIVE;
				GCC_WARN_UNUSED_FUNCTION = YES;
				GCC_WARN_UNUSED_VARIABLE = YES;
				IPHONEOS_DEPLOYMENT_TARGET = 14.0;
				MTL_ENABLE_DEBUG_INFO = NO;
				MTL_FAST_MATH = YES;
				SDKROOT = iphoneos;
				SWIFT_COMPILATION_MODE = wholemodule;
				SWIFT_OPTIMIZATION_LEVEL = "-O";
				VALIDATE_PRODUCT = YES;
			};
			name = Release;
		};
		FA70DFA326C29044006CC1E1 /* Debug */ = {
			isa = XCBuildConfiguration;
			buildSettings = {
				ASSETCATALOG_COMPILER_APPICON_NAME = AppIcon;
				ASSETCATALOG_COMPILER_GLOBAL_ACCENT_COLOR_NAME = AccentColor;
				CODE_SIGN_STYLE = Automatic;
				DEVELOPMENT_TEAM = 2A5XAKZYWS;
				INFOPLIST_FILE = "TodoApp/Supporting Files/Info.plist";
				LD_RUNPATH_SEARCH_PATHS = (
					"$(inherited)",
					"@executable_path/Frameworks",
				);
				PRODUCT_BUNDLE_IDENTIFIER = com.sametalemdaroglu.TodoApp;
				PRODUCT_NAME = "$(TARGET_NAME)";
				SWIFT_VERSION = 5.0;
				TARGETED_DEVICE_FAMILY = "1,2";
			};
			name = Debug;
		};
		FA70DFA426C29044006CC1E1 /* Release */ = {
			isa = XCBuildConfiguration;
			buildSettings = {
				ASSETCATALOG_COMPILER_APPICON_NAME = AppIcon;
				ASSETCATALOG_COMPILER_GLOBAL_ACCENT_COLOR_NAME = AccentColor;
				CODE_SIGN_STYLE = Automatic;
				DEVELOPMENT_TEAM = 2A5XAKZYWS;
				INFOPLIST_FILE = "TodoApp/Supporting Files/Info.plist";
				LD_RUNPATH_SEARCH_PATHS = (
					"$(inherited)",
					"@executable_path/Frameworks",
				);
				PRODUCT_BUNDLE_IDENTIFIER = com.sametalemdaroglu.TodoApp;
				PRODUCT_NAME = "$(TARGET_NAME)";
				SWIFT_VERSION = 5.0;
				TARGETED_DEVICE_FAMILY = "1,2";
			};
			name = Release;
		};
		FA70DFA626C29044006CC1E1 /* Debug */ = {
			isa = XCBuildConfiguration;
			buildSettings = {
				ALWAYS_EMBED_SWIFT_STANDARD_LIBRARIES = YES;
				BUNDLE_LOADER = "$(TEST_HOST)";
				CODE_SIGN_STYLE = Automatic;
				INFOPLIST_FILE = TodoAppTests/Info.plist;
				IPHONEOS_DEPLOYMENT_TARGET = 14.4;
				LD_RUNPATH_SEARCH_PATHS = (
					"$(inherited)",
					"@executable_path/Frameworks",
					"@loader_path/Frameworks",
				);
				PRODUCT_BUNDLE_IDENTIFIER = com.sametalemdaroglu.TodoAppTests;
				PRODUCT_NAME = "$(TARGET_NAME)";
				SWIFT_VERSION = 5.0;
				TARGETED_DEVICE_FAMILY = "1,2";
				TEST_HOST = "$(BUILT_PRODUCTS_DIR)/TodoApp.app/TodoApp";
			};
			name = Debug;
		};
		FA70DFA726C29044006CC1E1 /* Release */ = {
			isa = XCBuildConfiguration;
			buildSettings = {
				ALWAYS_EMBED_SWIFT_STANDARD_LIBRARIES = YES;
				BUNDLE_LOADER = "$(TEST_HOST)";
				CODE_SIGN_STYLE = Automatic;
				INFOPLIST_FILE = TodoAppTests/Info.plist;
				IPHONEOS_DEPLOYMENT_TARGET = 14.4;
				LD_RUNPATH_SEARCH_PATHS = (
					"$(inherited)",
					"@executable_path/Frameworks",
					"@loader_path/Frameworks",
				);
				PRODUCT_BUNDLE_IDENTIFIER = com.sametalemdaroglu.TodoAppTests;
				PRODUCT_NAME = "$(TARGET_NAME)";
				SWIFT_VERSION = 5.0;
				TARGETED_DEVICE_FAMILY = "1,2";
				TEST_HOST = "$(BUILT_PRODUCTS_DIR)/TodoApp.app/TodoApp";
			};
			name = Release;
		};
		FA70DFA926C29044006CC1E1 /* Debug */ = {
			isa = XCBuildConfiguration;
			buildSettings = {
				ALWAYS_EMBED_SWIFT_STANDARD_LIBRARIES = YES;
				CODE_SIGN_STYLE = Automatic;
				INFOPLIST_FILE = TodoAppUITests/Info.plist;
				LD_RUNPATH_SEARCH_PATHS = (
					"$(inherited)",
					"@executable_path/Frameworks",
					"@loader_path/Frameworks",
				);
				PRODUCT_BUNDLE_IDENTIFIER = com.sametalemdaroglu.TodoAppUITests;
				PRODUCT_NAME = "$(TARGET_NAME)";
				SWIFT_VERSION = 5.0;
				TARGETED_DEVICE_FAMILY = "1,2";
				TEST_TARGET_NAME = TodoApp;
			};
			name = Debug;
		};
		FA70DFAA26C29044006CC1E1 /* Release */ = {
			isa = XCBuildConfiguration;
			buildSettings = {
				ALWAYS_EMBED_SWIFT_STANDARD_LIBRARIES = YES;
				CODE_SIGN_STYLE = Automatic;
				INFOPLIST_FILE = TodoAppUITests/Info.plist;
				LD_RUNPATH_SEARCH_PATHS = (
					"$(inherited)",
					"@executable_path/Frameworks",
					"@loader_path/Frameworks",
				);
				PRODUCT_BUNDLE_IDENTIFIER = com.sametalemdaroglu.TodoAppUITests;
				PRODUCT_NAME = "$(TARGET_NAME)";
				SWIFT_VERSION = 5.0;
				TARGETED_DEVICE_FAMILY = "1,2";
				TEST_TARGET_NAME = TodoApp;
			};
			name = Release;
		};
/* End XCBuildConfiguration section */

/* Begin XCConfigurationList section */
		FA70DF7326C29042006CC1E1 /* Build configuration list for PBXProject "TodoApp" */ = {
			isa = XCConfigurationList;
			buildConfigurations = (
				FA70DFA026C29044006CC1E1 /* Debug */,
				FA70DFA126C29044006CC1E1 /* Release */,
			);
			defaultConfigurationIsVisible = 0;
			defaultConfigurationName = Release;
		};
		FA70DFA226C29044006CC1E1 /* Build configuration list for PBXNativeTarget "TodoApp" */ = {
			isa = XCConfigurationList;
			buildConfigurations = (
				FA70DFA326C29044006CC1E1 /* Debug */,
				FA70DFA426C29044006CC1E1 /* Release */,
			);
			defaultConfigurationIsVisible = 0;
			defaultConfigurationName = Release;
		};
		FA70DFA526C29044006CC1E1 /* Build configuration list for PBXNativeTarget "TodoAppTests" */ = {
			isa = XCConfigurationList;
			buildConfigurations = (
				FA70DFA626C29044006CC1E1 /* Debug */,
				FA70DFA726C29044006CC1E1 /* Release */,
			);
			defaultConfigurationIsVisible = 0;
			defaultConfigurationName = Release;
		};
		FA70DFA826C29044006CC1E1 /* Build configuration list for PBXNativeTarget "TodoAppUITests" */ = {
			isa = XCConfigurationList;
			buildConfigurations = (
				FA70DFA926C29044006CC1E1 /* Debug */,
				FA70DFAA26C29044006CC1E1 /* Release */,
			);
			defaultConfigurationIsVisible = 0;
			defaultConfigurationName = Release;
		};
/* End XCConfigurationList section */

/* Begin XCRemoteSwiftPackageReference section */
		FA0F2C6526D439BD005B825C /* XCRemoteSwiftPackageReference "realm-cocoa" */ = {
			isa = XCRemoteSwiftPackageReference;
			repositoryURL = "https://github.com/realm/realm-cocoa";
			requirement = {
				kind = upToNextMajorVersion;
				minimumVersion = 10.12.0;
			};
		};
		FA1CDA6826DE224C0059E1D5 /* XCRemoteSwiftPackageReference "RxDataSources" */ = {
			isa = XCRemoteSwiftPackageReference;
			repositoryURL = "https://github.com/RxSwiftCommunity/RxDataSources";
			requirement = {
				kind = upToNextMajorVersion;
				minimumVersion = 5.0.2;
			};
		};
		FADF831E26CA95780044E9B1 /* XCRemoteSwiftPackageReference "RxSwift" */ = {
			isa = XCRemoteSwiftPackageReference;
			repositoryURL = "https://github.com/ReactiveX/RxSwift";
			requirement = {
				kind = upToNextMajorVersion;
				minimumVersion = 6.2.0;
			};
		};
		FAEF4B3C26D3DB8800EB7FDB /* XCRemoteSwiftPackageReference "SnapKit" */ = {
			isa = XCRemoteSwiftPackageReference;
			repositoryURL = "https://github.com/SnapKit/SnapKit";
			requirement = {
				kind = upToNextMajorVersion;
				minimumVersion = 5.0.1;
			};
		};
		FAEF4B4226D3DE7600EB7FDB /* XCRemoteSwiftPackageReference "SwiftMessages" */ = {
			isa = XCRemoteSwiftPackageReference;
			repositoryURL = "https://github.com/SwiftKickMobile/SwiftMessages";
			requirement = {
				kind = upToNextMajorVersion;
				minimumVersion = 9.0.3;
			};
		};
/* End XCRemoteSwiftPackageReference section */

/* Begin XCSwiftPackageProductDependency section */
		FA0F2C6626D439BD005B825C /* Realm */ = {
			isa = XCSwiftPackageProductDependency;
			package = FA0F2C6526D439BD005B825C /* XCRemoteSwiftPackageReference "realm-cocoa" */;
			productName = Realm;
		};
		FA0F2C6826D439BD005B825C /* RealmSwift */ = {
			isa = XCSwiftPackageProductDependency;
			package = FA0F2C6526D439BD005B825C /* XCRemoteSwiftPackageReference "realm-cocoa" */;
			productName = RealmSwift;
		};
		FA1CDA6926DE224C0059E1D5 /* RxDataSources */ = {
			isa = XCSwiftPackageProductDependency;
			package = FA1CDA6826DE224C0059E1D5 /* XCRemoteSwiftPackageReference "RxDataSources" */;
			productName = RxDataSources;
		};
		FADF831F26CA95780044E9B1 /* RxSwift */ = {
			isa = XCSwiftPackageProductDependency;
			package = FADF831E26CA95780044E9B1 /* XCRemoteSwiftPackageReference "RxSwift" */;
			productName = RxSwift;
		};
		FADF832126CA95780044E9B1 /* RxRelay */ = {
			isa = XCSwiftPackageProductDependency;
			package = FADF831E26CA95780044E9B1 /* XCRemoteSwiftPackageReference "RxSwift" */;
			productName = RxRelay;
		};
		FADF832326CA95780044E9B1 /* RxCocoa */ = {
			isa = XCSwiftPackageProductDependency;
			package = FADF831E26CA95780044E9B1 /* XCRemoteSwiftPackageReference "RxSwift" */;
			productName = RxCocoa;
		};
		FADF832526CA95780044E9B1 /* RxBlocking */ = {
			isa = XCSwiftPackageProductDependency;
			package = FADF831E26CA95780044E9B1 /* XCRemoteSwiftPackageReference "RxSwift" */;
			productName = RxBlocking;
		};
		FAEF4B3D26D3DB8800EB7FDB /* SnapKit */ = {
			isa = XCSwiftPackageProductDependency;
			package = FAEF4B3C26D3DB8800EB7FDB /* XCRemoteSwiftPackageReference "SnapKit" */;
			productName = SnapKit;
		};
		FAEF4B4326D3DE7600EB7FDB /* SwiftMessages */ = {
			isa = XCSwiftPackageProductDependency;
			package = FAEF4B4226D3DE7600EB7FDB /* XCRemoteSwiftPackageReference "SwiftMessages" */;
			productName = SwiftMessages;
		};
/* End XCSwiftPackageProductDependency section */
	};
	rootObject = FA70DF7026C29042006CC1E1 /* Project object */;
}
