// !$*UTF8*$!
{
	archiveVersion = 1;
	classes = {
	};
	objectVersion = 51;
	objects = {

/* Begin PBXBuildFile section */
		219965EAB0DBF905DBDE65CB /* Pods_TodoAppTests.framework in Frameworks */ = {isa = PBXBuildFile; fileRef = 3A91EED65CB6E4D9B89F0EF6 /* Pods_TodoAppTests.framework */; };
		644568B6FC3C0005032D7AEF /* Pods_TodoApp_TodoAppUITests.framework in Frameworks */ = {isa = PBXBuildFile; fileRef = B2055ED3B0674522C4643686 /* Pods_TodoApp_TodoAppUITests.framework */; };
		CC71D4120632155E50FFCE28 /* Pods_TodoApp.framework in Frameworks */ = {isa = PBXBuildFile; fileRef = 176B62844A660D61B3BE6F1A /* Pods_TodoApp.framework */; };
		FA6314B226C2AEE900B044ED /* Color.swift in Sources */ = {isa = PBXBuildFile; fileRef = FA6314B126C2AEE900B044ED /* Color.swift */; };
		FA6314B826C2AF2700B044ED /* SplashViewController.swift in Sources */ = {isa = PBXBuildFile; fileRef = FA6314B726C2AF2700B044ED /* SplashViewController.swift */; };
		FA6314BD26C2B00300B044ED /* Coordinator.swift in Sources */ = {isa = PBXBuildFile; fileRef = FA6314BC26C2B00300B044ED /* Coordinator.swift */; };
		FA6314C726C2B01C00B044ED /* BaseViewController.swift in Sources */ = {isa = PBXBuildFile; fileRef = FA6314C526C2B01C00B044ED /* BaseViewController.swift */; };
		FA6314C826C2B01C00B044ED /* BaseViewModel.swift in Sources */ = {isa = PBXBuildFile; fileRef = FA6314C626C2B01C00B044ED /* BaseViewModel.swift */; };
		FA70DF7C26C29042006CC1E1 /* AppDelegate.swift in Sources */ = {isa = PBXBuildFile; fileRef = FA70DF7B26C29042006CC1E1 /* AppDelegate.swift */; };
		FA70DF7E26C29042006CC1E1 /* SceneDelegate.swift in Sources */ = {isa = PBXBuildFile; fileRef = FA70DF7D26C29042006CC1E1 /* SceneDelegate.swift */; };
		FA70DF8526C29044006CC1E1 /* Assets.xcassets in Resources */ = {isa = PBXBuildFile; fileRef = FA70DF8426C29044006CC1E1 /* Assets.xcassets */; };
		FA70DF8826C29044006CC1E1 /* LaunchScreen.storyboard in Resources */ = {isa = PBXBuildFile; fileRef = FA70DF8626C29044006CC1E1 /* LaunchScreen.storyboard */; };
		FA70DF9326C29044006CC1E1 /* TodoAppTests.swift in Sources */ = {isa = PBXBuildFile; fileRef = FA70DF9226C29044006CC1E1 /* TodoAppTests.swift */; };
		FA70DF9E26C29044006CC1E1 /* TodoAppUITests.swift in Sources */ = {isa = PBXBuildFile; fileRef = FA70DF9D26C29044006CC1E1 /* TodoAppUITests.swift */; };
		FAEA655E26C2AC4E00B5DF46 /* MainTabBarController.swift in Sources */ = {isa = PBXBuildFile; fileRef = FAEA655D26C2AC4E00B5DF46 /* MainTabBarController.swift */; };
		FAEA656826C2AC5D00B5DF46 /* UIColor+Ext.swift in Sources */ = {isa = PBXBuildFile; fileRef = FAEA656526C2AC5C00B5DF46 /* UIColor+Ext.swift */; };
		FAEA656926C2AC5D00B5DF46 /* UIImageView+Ext.swift in Sources */ = {isa = PBXBuildFile; fileRef = FAEA656626C2AC5C00B5DF46 /* UIImageView+Ext.swift */; };
		FAEA656A26C2AC5D00B5DF46 /* UIImage+Ext.swift in Sources */ = {isa = PBXBuildFile; fileRef = FAEA656726C2AC5D00B5DF46 /* UIImage+Ext.swift */; };
/* End PBXBuildFile section */

/* Begin PBXContainerItemProxy section */
		FA70DF8F26C29044006CC1E1 /* PBXContainerItemProxy */ = {
			isa = PBXContainerItemProxy;
			containerPortal = FA70DF7026C29042006CC1E1 /* Project object */;
			proxyType = 1;
			remoteGlobalIDString = FA70DF7726C29042006CC1E1;
			remoteInfo = TodoApp;
		};
		FA70DF9A26C29044006CC1E1 /* PBXContainerItemProxy */ = {
			isa = PBXContainerItemProxy;
			containerPortal = FA70DF7026C29042006CC1E1 /* Project object */;
			proxyType = 1;
			remoteGlobalIDString = FA70DF7726C29042006CC1E1;
			remoteInfo = TodoApp;
		};
/* End PBXContainerItemProxy section */

/* Begin PBXFileReference section */
		176B62844A660D61B3BE6F1A /* Pods_TodoApp.framework */ = {isa = PBXFileReference; explicitFileType = wrapper.framework; includeInIndex = 0; path = Pods_TodoApp.framework; sourceTree = BUILT_PRODUCTS_DIR; };
		32C485615C8158DA37162B04 /* Pods-TodoAppTests.debug.xcconfig */ = {isa = PBXFileReference; includeInIndex = 1; lastKnownFileType = text.xcconfig; name = "Pods-TodoAppTests.debug.xcconfig"; path = "Target Support Files/Pods-TodoAppTests/Pods-TodoAppTests.debug.xcconfig"; sourceTree = "<group>"; };
		3A91EED65CB6E4D9B89F0EF6 /* Pods_TodoAppTests.framework */ = {isa = PBXFileReference; explicitFileType = wrapper.framework; includeInIndex = 0; path = Pods_TodoAppTests.framework; sourceTree = BUILT_PRODUCTS_DIR; };
		6BEAB8ABC31C39E3E670437E /* Pods-TodoApp.release.xcconfig */ = {isa = PBXFileReference; includeInIndex = 1; lastKnownFileType = text.xcconfig; name = "Pods-TodoApp.release.xcconfig"; path = "Target Support Files/Pods-TodoApp/Pods-TodoApp.release.xcconfig"; sourceTree = "<group>"; };
		91FE99C297C47D9B9461B1A9 /* Pods-TodoAppTests.release.xcconfig */ = {isa = PBXFileReference; includeInIndex = 1; lastKnownFileType = text.xcconfig; name = "Pods-TodoAppTests.release.xcconfig"; path = "Target Support Files/Pods-TodoAppTests/Pods-TodoAppTests.release.xcconfig"; sourceTree = "<group>"; };
		A4AAB7531BFABE8F19144ABD /* Pods-TodoApp.debug.xcconfig */ = {isa = PBXFileReference; includeInIndex = 1; lastKnownFileType = text.xcconfig; name = "Pods-TodoApp.debug.xcconfig"; path = "Target Support Files/Pods-TodoApp/Pods-TodoApp.debug.xcconfig"; sourceTree = "<group>"; };
		B2055ED3B0674522C4643686 /* Pods_TodoApp_TodoAppUITests.framework */ = {isa = PBXFileReference; explicitFileType = wrapper.framework; includeInIndex = 0; path = Pods_TodoApp_TodoAppUITests.framework; sourceTree = BUILT_PRODUCTS_DIR; };
		BB30AD47576817BF1D23C89E /* Pods-TodoApp-TodoAppUITests.debug.xcconfig */ = {isa = PBXFileReference; includeInIndex = 1; lastKnownFileType = text.xcconfig; name = "Pods-TodoApp-TodoAppUITests.debug.xcconfig"; path = "Target Support Files/Pods-TodoApp-TodoAppUITests/Pods-TodoApp-TodoAppUITests.debug.xcconfig"; sourceTree = "<group>"; };
		FA1443607494BD8D3A83AF55 /* Pods-TodoApp-TodoAppUITests.release.xcconfig */ = {isa = PBXFileReference; includeInIndex = 1; lastKnownFileType = text.xcconfig; name = "Pods-TodoApp-TodoAppUITests.release.xcconfig"; path = "Target Support Files/Pods-TodoApp-TodoAppUITests/Pods-TodoApp-TodoAppUITests.release.xcconfig"; sourceTree = "<group>"; };
		FA6314B126C2AEE900B044ED /* Color.swift */ = {isa = PBXFileReference; lastKnownFileType = sourcecode.swift; path = Color.swift; sourceTree = "<group>"; };
		FA6314B726C2AF2700B044ED /* SplashViewController.swift */ = {isa = PBXFileReference; fileEncoding = 4; lastKnownFileType = sourcecode.swift; path = SplashViewController.swift; sourceTree = "<group>"; };
		FA6314BC26C2B00300B044ED /* Coordinator.swift */ = {isa = PBXFileReference; fileEncoding = 4; lastKnownFileType = sourcecode.swift; path = Coordinator.swift; sourceTree = "<group>"; };
		FA6314C526C2B01C00B044ED /* BaseViewController.swift */ = {isa = PBXFileReference; fileEncoding = 4; lastKnownFileType = sourcecode.swift; path = BaseViewController.swift; sourceTree = "<group>"; };
		FA6314C626C2B01C00B044ED /* BaseViewModel.swift */ = {isa = PBXFileReference; fileEncoding = 4; lastKnownFileType = sourcecode.swift; path = BaseViewModel.swift; sourceTree = "<group>"; };
		FA70DF7826C29042006CC1E1 /* TodoApp.app */ = {isa = PBXFileReference; explicitFileType = wrapper.application; includeInIndex = 0; path = TodoApp.app; sourceTree = BUILT_PRODUCTS_DIR; };
		FA70DF7B26C29042006CC1E1 /* AppDelegate.swift */ = {isa = PBXFileReference; lastKnownFileType = sourcecode.swift; path = AppDelegate.swift; sourceTree = "<group>"; };
		FA70DF7D26C29042006CC1E1 /* SceneDelegate.swift */ = {isa = PBXFileReference; lastKnownFileType = sourcecode.swift; path = SceneDelegate.swift; sourceTree = "<group>"; };
		FA70DF8426C29044006CC1E1 /* Assets.xcassets */ = {isa = PBXFileReference; lastKnownFileType = folder.assetcatalog; path = Assets.xcassets; sourceTree = "<group>"; };
		FA70DF8726C29044006CC1E1 /* Base */ = {isa = PBXFileReference; lastKnownFileType = file.storyboard; name = Base; path = Base.lproj/LaunchScreen.storyboard; sourceTree = "<group>"; };
		FA70DF8926C29044006CC1E1 /* Info.plist */ = {isa = PBXFileReference; lastKnownFileType = text.plist.xml; path = Info.plist; sourceTree = "<group>"; };
		FA70DF8E26C29044006CC1E1 /* TodoAppTests.xctest */ = {isa = PBXFileReference; explicitFileType = wrapper.cfbundle; includeInIndex = 0; path = TodoAppTests.xctest; sourceTree = BUILT_PRODUCTS_DIR; };
		FA70DF9226C29044006CC1E1 /* TodoAppTests.swift */ = {isa = PBXFileReference; lastKnownFileType = sourcecode.swift; path = TodoAppTests.swift; sourceTree = "<group>"; };
		FA70DF9426C29044006CC1E1 /* Info.plist */ = {isa = PBXFileReference; lastKnownFileType = text.plist.xml; path = Info.plist; sourceTree = "<group>"; };
		FA70DF9926C29044006CC1E1 /* TodoAppUITests.xctest */ = {isa = PBXFileReference; explicitFileType = wrapper.cfbundle; includeInIndex = 0; path = TodoAppUITests.xctest; sourceTree = BUILT_PRODUCTS_DIR; };
		FA70DF9D26C29044006CC1E1 /* TodoAppUITests.swift */ = {isa = PBXFileReference; lastKnownFileType = sourcecode.swift; path = TodoAppUITests.swift; sourceTree = "<group>"; };
		FA70DF9F26C29044006CC1E1 /* Info.plist */ = {isa = PBXFileReference; lastKnownFileType = text.plist.xml; path = Info.plist; sourceTree = "<group>"; };
		FAEA655D26C2AC4E00B5DF46 /* MainTabBarController.swift */ = {isa = PBXFileReference; fileEncoding = 4; lastKnownFileType = sourcecode.swift; path = MainTabBarController.swift; sourceTree = "<group>"; };
		FAEA656526C2AC5C00B5DF46 /* UIColor+Ext.swift */ = {isa = PBXFileReference; fileEncoding = 4; lastKnownFileType = sourcecode.swift; path = "UIColor+Ext.swift"; sourceTree = "<group>"; };
		FAEA656626C2AC5C00B5DF46 /* UIImageView+Ext.swift */ = {isa = PBXFileReference; fileEncoding = 4; lastKnownFileType = sourcecode.swift; path = "UIImageView+Ext.swift"; sourceTree = "<group>"; };
		FAEA656726C2AC5D00B5DF46 /* UIImage+Ext.swift */ = {isa = PBXFileReference; fileEncoding = 4; lastKnownFileType = sourcecode.swift; path = "UIImage+Ext.swift"; sourceTree = "<group>"; };
/* End PBXFileReference section */

/* Begin PBXFrameworksBuildPhase section */
		FA70DF7526C29042006CC1E1 /* Frameworks */ = {
			isa = PBXFrameworksBuildPhase;
			buildActionMask = 2147483647;
			files = (
				CC71D4120632155E50FFCE28 /* Pods_TodoApp.framework in Frameworks */,
			);
			runOnlyForDeploymentPostprocessing = 0;
		};
		FA70DF8B26C29044006CC1E1 /* Frameworks */ = {
			isa = PBXFrameworksBuildPhase;
			buildActionMask = 2147483647;
			files = (
				219965EAB0DBF905DBDE65CB /* Pods_TodoAppTests.framework in Frameworks */,
			);
			runOnlyForDeploymentPostprocessing = 0;
		};
		FA70DF9626C29044006CC1E1 /* Frameworks */ = {
			isa = PBXFrameworksBuildPhase;
			buildActionMask = 2147483647;
			files = (
				644568B6FC3C0005032D7AEF /* Pods_TodoApp_TodoAppUITests.framework in Frameworks */,
			);
			runOnlyForDeploymentPostprocessing = 0;
		};
/* End PBXFrameworksBuildPhase section */

/* Begin PBXGroup section */
		9E07CADD041261AF78656C0B /* Frameworks */ = {
			isa = PBXGroup;
			children = (
				176B62844A660D61B3BE6F1A /* Pods_TodoApp.framework */,
				B2055ED3B0674522C4643686 /* Pods_TodoApp_TodoAppUITests.framework */,
				3A91EED65CB6E4D9B89F0EF6 /* Pods_TodoAppTests.framework */,
			);
			name = Frameworks;
			sourceTree = "<group>";
		};
		F351C13508E33235384A1701 /* Pods */ = {
			isa = PBXGroup;
			children = (
				A4AAB7531BFABE8F19144ABD /* Pods-TodoApp.debug.xcconfig */,
				6BEAB8ABC31C39E3E670437E /* Pods-TodoApp.release.xcconfig */,
				BB30AD47576817BF1D23C89E /* Pods-TodoApp-TodoAppUITests.debug.xcconfig */,
				FA1443607494BD8D3A83AF55 /* Pods-TodoApp-TodoAppUITests.release.xcconfig */,
				32C485615C8158DA37162B04 /* Pods-TodoAppTests.debug.xcconfig */,
				91FE99C297C47D9B9461B1A9 /* Pods-TodoAppTests.release.xcconfig */,
			);
			path = Pods;
			sourceTree = "<group>";
		};
		FA6314B626C2AF2700B044ED /* Splash */ = {
			isa = PBXGroup;
			children = (
				FA6314B726C2AF2700B044ED /* SplashViewController.swift */,
			);
			path = Splash;
			sourceTree = "<group>";
		};
		FA6314C426C2B01C00B044ED /* Base */ = {
			isa = PBXGroup;
			children = (
				FA6314C526C2B01C00B044ED /* BaseViewController.swift */,
				FA6314C626C2B01C00B044ED /* BaseViewModel.swift */,
			);
			path = Base;
			sourceTree = "<group>";
		};
		FA70DF6F26C29042006CC1E1 = {
			isa = PBXGroup;
			children = (
				FA70DF7A26C29042006CC1E1 /* TodoApp */,
				FA70DF9126C29044006CC1E1 /* TodoAppTests */,
				FA70DF9C26C29044006CC1E1 /* TodoAppUITests */,
				FA70DF7926C29042006CC1E1 /* Products */,
				F351C13508E33235384A1701 /* Pods */,
				9E07CADD041261AF78656C0B /* Frameworks */,
			);
			sourceTree = "<group>";
		};
		FA70DF7926C29042006CC1E1 /* Products */ = {
			isa = PBXGroup;
			children = (
				FA70DF7826C29042006CC1E1 /* TodoApp.app */,
				FA70DF8E26C29044006CC1E1 /* TodoAppTests.xctest */,
				FA70DF9926C29044006CC1E1 /* TodoAppUITests.xctest */,
			);
			name = Products;
			sourceTree = "<group>";
		};
		FA70DF7A26C29042006CC1E1 /* TodoApp */ = {
			isa = PBXGroup;
			children = (
				FAEA651E26C2A9DE00B5DF46 /* Application */,
				FAEA652926C2AA0500B5DF46 /* Constants */,
				FAEA652A26C2AA0E00B5DF46 /* Coordinator */,
				FAEA652B26C2AA1900B5DF46 /* Extensions */,
				FAEA652C26C2AA2000B5DF46 /* MainClasses */,
				FAEA652526C2A9EB00B5DF46 /* Resources */,
				FAEA652D26C2AA3000B5DF46 /* Scenes */,
				FAEA651726C2A99D00B5DF46 /* Supporting Files */,
			);
			path = TodoApp;
			sourceTree = "<group>";
		};
		FA70DF9126C29044006CC1E1 /* TodoAppTests */ = {
			isa = PBXGroup;
			children = (
				FA70DF9226C29044006CC1E1 /* TodoAppTests.swift */,
				FA70DF9426C29044006CC1E1 /* Info.plist */,
			);
			path = TodoAppTests;
			sourceTree = "<group>";
		};
		FA70DF9C26C29044006CC1E1 /* TodoAppUITests */ = {
			isa = PBXGroup;
			children = (
				FA70DF9D26C29044006CC1E1 /* TodoAppUITests.swift */,
				FA70DF9F26C29044006CC1E1 /* Info.plist */,
			);
			path = TodoAppUITests;
			sourceTree = "<group>";
		};
		FAEA651726C2A99D00B5DF46 /* Supporting Files */ = {
			isa = PBXGroup;
			children = (
				FA70DF8626C29044006CC1E1 /* LaunchScreen.storyboard */,
				FA70DF8926C29044006CC1E1 /* Info.plist */,
			);
			path = "Supporting Files";
			sourceTree = "<group>";
		};
		FAEA651E26C2A9DE00B5DF46 /* Application */ = {
			isa = PBXGroup;
			children = (
				FA70DF7B26C29042006CC1E1 /* AppDelegate.swift */,
				FA70DF7D26C29042006CC1E1 /* SceneDelegate.swift */,
			);
			path = Application;
			sourceTree = "<group>";
		};
		FAEA652526C2A9EB00B5DF46 /* Resources */ = {
			isa = PBXGroup;
			children = (
				FA70DF8426C29044006CC1E1 /* Assets.xcassets */,
			);
			path = Resources;
			sourceTree = "<group>";
		};
		FAEA652926C2AA0500B5DF46 /* Constants */ = {
			isa = PBXGroup;
			children = (
				FA6314B126C2AEE900B044ED /* Color.swift */,
			);
			path = Constants;
			sourceTree = "<group>";
		};
		FAEA652A26C2AA0E00B5DF46 /* Coordinator */ = {
			isa = PBXGroup;
			children = (
				FA6314BC26C2B00300B044ED /* Coordinator.swift */,
			);
			path = Coordinator;
			sourceTree = "<group>";
		};
		FAEA652B26C2AA1900B5DF46 /* Extensions */ = {
			isa = PBXGroup;
			children = (
				FAEA656526C2AC5C00B5DF46 /* UIColor+Ext.swift */,
				FAEA656726C2AC5D00B5DF46 /* UIImage+Ext.swift */,
				FAEA656626C2AC5C00B5DF46 /* UIImageView+Ext.swift */,
			);
			path = Extensions;
			sourceTree = "<group>";
		};
		FAEA652C26C2AA2000B5DF46 /* MainClasses */ = {
			isa = PBXGroup;
			children = (
				FAEA655D26C2AC4E00B5DF46 /* MainTabBarController.swift */,
			);
			path = MainClasses;
			sourceTree = "<group>";
		};
		FAEA652D26C2AA3000B5DF46 /* Scenes */ = {
			isa = PBXGroup;
			children = (
				FA6314C426C2B01C00B044ED /* Base */,
				FA6314B626C2AF2700B044ED /* Splash */,
			);
			path = Scenes;
			sourceTree = "<group>";
		};
/* End PBXGroup section */

/* Begin PBXNativeTarget section */
		FA70DF7726C29042006CC1E1 /* TodoApp */ = {
			isa = PBXNativeTarget;
			buildConfigurationList = FA70DFA226C29044006CC1E1 /* Build configuration list for PBXNativeTarget "TodoApp" */;
			buildPhases = (
				F7515B0F5467E62A30ADEA6E /* [CP] Check Pods Manifest.lock */,
				FA70DF7426C29042006CC1E1 /* Sources */,
				FA70DF7526C29042006CC1E1 /* Frameworks */,
				FA70DF7626C29042006CC1E1 /* Resources */,
				FEE6B254960F62CCB103E039 /* [CP] Embed Pods Frameworks */,
			);
			buildRules = (
			);
			dependencies = (
			);
			name = TodoApp;
			productName = TodoApp;
			productReference = FA70DF7826C29042006CC1E1 /* TodoApp.app */;
			productType = "com.apple.product-type.application";
		};
		FA70DF8D26C29044006CC1E1 /* TodoAppTests */ = {
			isa = PBXNativeTarget;
			buildConfigurationList = FA70DFA526C29044006CC1E1 /* Build configuration list for PBXNativeTarget "TodoAppTests" */;
			buildPhases = (
				84BC6F01A17DF4C638425DD7 /* [CP] Check Pods Manifest.lock */,
				FA70DF8A26C29044006CC1E1 /* Sources */,
				FA70DF8B26C29044006CC1E1 /* Frameworks */,
				FA70DF8C26C29044006CC1E1 /* Resources */,
			);
			buildRules = (
			);
			dependencies = (
				FA70DF9026C29044006CC1E1 /* PBXTargetDependency */,
			);
			name = TodoAppTests;
			productName = TodoAppTests;
			productReference = FA70DF8E26C29044006CC1E1 /* TodoAppTests.xctest */;
			productType = "com.apple.product-type.bundle.unit-test";
		};
		FA70DF9826C29044006CC1E1 /* TodoAppUITests */ = {
			isa = PBXNativeTarget;
			buildConfigurationList = FA70DFA826C29044006CC1E1 /* Build configuration list for PBXNativeTarget "TodoAppUITests" */;
			buildPhases = (
				9F8ED09991C30C339472CF06 /* [CP] Check Pods Manifest.lock */,
				FA70DF9526C29044006CC1E1 /* Sources */,
				FA70DF9626C29044006CC1E1 /* Frameworks */,
				FA70DF9726C29044006CC1E1 /* Resources */,
				31AA915EFB2858A85C596B43 /* [CP] Embed Pods Frameworks */,
			);
			buildRules = (
			);
			dependencies = (
				FA70DF9B26C29044006CC1E1 /* PBXTargetDependency */,
			);
			name = TodoAppUITests;
			productName = TodoAppUITests;
			productReference = FA70DF9926C29044006CC1E1 /* TodoAppUITests.xctest */;
			productType = "com.apple.product-type.bundle.ui-testing";
		};
/* End PBXNativeTarget section */

/* Begin PBXProject section */
		FA70DF7026C29042006CC1E1 /* Project object */ = {
			isa = PBXProject;
			attributes = {
				LastSwiftUpdateCheck = 1240;
				LastUpgradeCheck = 1240;
				TargetAttributes = {
					FA70DF7726C29042006CC1E1 = {
						CreatedOnToolsVersion = 12.4;
					};
					FA70DF8D26C29044006CC1E1 = {
						CreatedOnToolsVersion = 12.4;
						TestTargetID = FA70DF7726C29042006CC1E1;
					};
					FA70DF9826C29044006CC1E1 = {
						CreatedOnToolsVersion = 12.4;
						TestTargetID = FA70DF7726C29042006CC1E1;
					};
				};
			};
			buildConfigurationList = FA70DF7326C29042006CC1E1 /* Build configuration list for PBXProject "TodoApp" */;
			compatibilityVersion = "Xcode 9.3";
			developmentRegion = en;
			hasScannedForEncodings = 0;
			knownRegions = (
				en,
				Base,
			);
			mainGroup = FA70DF6F26C29042006CC1E1;
			productRefGroup = FA70DF7926C29042006CC1E1 /* Products */;
			projectDirPath = "";
			projectRoot = "";
			targets = (
				FA70DF7726C29042006CC1E1 /* TodoApp */,
				FA70DF8D26C29044006CC1E1 /* TodoAppTests */,
				FA70DF9826C29044006CC1E1 /* TodoAppUITests */,
			);
		};
/* End PBXProject section */

/* Begin PBXResourcesBuildPhase section */
		FA70DF7626C29042006CC1E1 /* Resources */ = {
			isa = PBXResourcesBuildPhase;
			buildActionMask = 2147483647;
			files = (
				FA70DF8826C29044006CC1E1 /* LaunchScreen.storyboard in Resources */,
				FA70DF8526C29044006CC1E1 /* Assets.xcassets in Resources */,
			);
			runOnlyForDeploymentPostprocessing = 0;
		};
		FA70DF8C26C29044006CC1E1 /* Resources */ = {
			isa = PBXResourcesBuildPhase;
			buildActionMask = 2147483647;
			files = (
			);
			runOnlyForDeploymentPostprocessing = 0;
		};
		FA70DF9726C29044006CC1E1 /* Resources */ = {
			isa = PBXResourcesBuildPhase;
			buildActionMask = 2147483647;
			files = (
			);
			runOnlyForDeploymentPostprocessing = 0;
		};
/* End PBXResourcesBuildPhase section */

/* Begin PBXShellScriptBuildPhase section */
		31AA915EFB2858A85C596B43 /* [CP] Embed Pods Frameworks */ = {
			isa = PBXShellScriptBuildPhase;
			buildActionMask = 2147483647;
			files = (
			);
			inputFileListPaths = (
				"${PODS_ROOT}/Target Support Files/Pods-TodoApp-TodoAppUITests/Pods-TodoApp-TodoAppUITests-frameworks-${CONFIGURATION}-input-files.xcfilelist",
			);
			name = "[CP] Embed Pods Frameworks";
			outputFileListPaths = (
				"${PODS_ROOT}/Target Support Files/Pods-TodoApp-TodoAppUITests/Pods-TodoApp-TodoAppUITests-frameworks-${CONFIGURATION}-output-files.xcfilelist",
			);
			runOnlyForDeploymentPostprocessing = 0;
			shellPath = /bin/sh;
			shellScript = "\"${PODS_ROOT}/Target Support Files/Pods-TodoApp-TodoAppUITests/Pods-TodoApp-TodoAppUITests-frameworks.sh\"\n";
			showEnvVarsInLog = 0;
		};
		84BC6F01A17DF4C638425DD7 /* [CP] Check Pods Manifest.lock */ = {
			isa = PBXShellScriptBuildPhase;
			buildActionMask = 2147483647;
			files = (
			);
			inputFileListPaths = (
			);
			inputPaths = (
				"${PODS_PODFILE_DIR_PATH}/Podfile.lock",
				"${PODS_ROOT}/Manifest.lock",
			);
			name = "[CP] Check Pods Manifest.lock";
			outputFileListPaths = (
			);
			outputPaths = (
				"$(DERIVED_FILE_DIR)/Pods-TodoAppTests-checkManifestLockResult.txt",
			);
			runOnlyForDeploymentPostprocessing = 0;
			shellPath = /bin/sh;
			shellScript = "diff \"${PODS_PODFILE_DIR_PATH}/Podfile.lock\" \"${PODS_ROOT}/Manifest.lock\" > /dev/null\nif [ $? != 0 ] ; then\n    # print error to STDERR\n    echo \"error: The sandbox is not in sync with the Podfile.lock. Run 'pod install' or update your CocoaPods installation.\" >&2\n    exit 1\nfi\n# This output is used by Xcode 'outputs' to avoid re-running this script phase.\necho \"SUCCESS\" > \"${SCRIPT_OUTPUT_FILE_0}\"\n";
			showEnvVarsInLog = 0;
		};
		9F8ED09991C30C339472CF06 /* [CP] Check Pods Manifest.lock */ = {
			isa = PBXShellScriptBuildPhase;
			buildActionMask = 2147483647;
			files = (
			);
			inputFileListPaths = (
			);
			inputPaths = (
				"${PODS_PODFILE_DIR_PATH}/Podfile.lock",
				"${PODS_ROOT}/Manifest.lock",
			);
			name = "[CP] Check Pods Manifest.lock";
			outputFileListPaths = (
			);
			outputPaths = (
				"$(DERIVED_FILE_DIR)/Pods-TodoApp-TodoAppUITests-checkManifestLockResult.txt",
			);
			runOnlyForDeploymentPostprocessing = 0;
			shellPath = /bin/sh;
			shellScript = "diff \"${PODS_PODFILE_DIR_PATH}/Podfile.lock\" \"${PODS_ROOT}/Manifest.lock\" > /dev/null\nif [ $? != 0 ] ; then\n    # print error to STDERR\n    echo \"error: The sandbox is not in sync with the Podfile.lock. Run 'pod install' or update your CocoaPods installation.\" >&2\n    exit 1\nfi\n# This output is used by Xcode 'outputs' to avoid re-running this script phase.\necho \"SUCCESS\" > \"${SCRIPT_OUTPUT_FILE_0}\"\n";
			showEnvVarsInLog = 0;
		};
		F7515B0F5467E62A30ADEA6E /* [CP] Check Pods Manifest.lock */ = {
			isa = PBXShellScriptBuildPhase;
			buildActionMask = 2147483647;
			files = (
			);
			inputFileListPaths = (
			);
			inputPaths = (
				"${PODS_PODFILE_DIR_PATH}/Podfile.lock",
				"${PODS_ROOT}/Manifest.lock",
			);
			name = "[CP] Check Pods Manifest.lock";
			outputFileListPaths = (
			);
			outputPaths = (
				"$(DERIVED_FILE_DIR)/Pods-TodoApp-checkManifestLockResult.txt",
			);
			runOnlyForDeploymentPostprocessing = 0;
			shellPath = /bin/sh;
			shellScript = "diff \"${PODS_PODFILE_DIR_PATH}/Podfile.lock\" \"${PODS_ROOT}/Manifest.lock\" > /dev/null\nif [ $? != 0 ] ; then\n    # print error to STDERR\n    echo \"error: The sandbox is not in sync with the Podfile.lock. Run 'pod install' or update your CocoaPods installation.\" >&2\n    exit 1\nfi\n# This output is used by Xcode 'outputs' to avoid re-running this script phase.\necho \"SUCCESS\" > \"${SCRIPT_OUTPUT_FILE_0}\"\n";
			showEnvVarsInLog = 0;
		};
		FEE6B254960F62CCB103E039 /* [CP] Embed Pods Frameworks */ = {
			isa = PBXShellScriptBuildPhase;
			buildActionMask = 2147483647;
			files = (
			);
			inputFileListPaths = (
				"${PODS_ROOT}/Target Support Files/Pods-TodoApp/Pods-TodoApp-frameworks-${CONFIGURATION}-input-files.xcfilelist",
			);
			name = "[CP] Embed Pods Frameworks";
			outputFileListPaths = (
				"${PODS_ROOT}/Target Support Files/Pods-TodoApp/Pods-TodoApp-frameworks-${CONFIGURATION}-output-files.xcfilelist",
			);
			runOnlyForDeploymentPostprocessing = 0;
			shellPath = /bin/sh;
			shellScript = "\"${PODS_ROOT}/Target Support Files/Pods-TodoApp/Pods-TodoApp-frameworks.sh\"\n";
			showEnvVarsInLog = 0;
		};
/* End PBXShellScriptBuildPhase section */

/* Begin PBXSourcesBuildPhase section */
		FA70DF7426C29042006CC1E1 /* Sources */ = {
			isa = PBXSourcesBuildPhase;
			buildActionMask = 2147483647;
			files = (
				FAEA656926C2AC5D00B5DF46 /* UIImageView+Ext.swift in Sources */,
				FA6314C826C2B01C00B044ED /* BaseViewModel.swift in Sources */,
				FAEA656826C2AC5D00B5DF46 /* UIColor+Ext.swift in Sources */,
				FA6314B226C2AEE900B044ED /* Color.swift in Sources */,
				FAEA655E26C2AC4E00B5DF46 /* MainTabBarController.swift in Sources */,
				FA70DF7C26C29042006CC1E1 /* AppDelegate.swift in Sources */,
				FA6314C726C2B01C00B044ED /* BaseViewController.swift in Sources */,
				FA6314BD26C2B00300B044ED /* Coordinator.swift in Sources */,
				FAEA656A26C2AC5D00B5DF46 /* UIImage+Ext.swift in Sources */,
				FA70DF7E26C29042006CC1E1 /* SceneDelegate.swift in Sources */,
				FA6314B826C2AF2700B044ED /* SplashViewController.swift in Sources */,
			);
			runOnlyForDeploymentPostprocessing = 0;
		};
		FA70DF8A26C29044006CC1E1 /* Sources */ = {
			isa = PBXSourcesBuildPhase;
			buildActionMask = 2147483647;
			files = (
				FA70DF9326C29044006CC1E1 /* TodoAppTests.swift in Sources */,
			);
			runOnlyForDeploymentPostprocessing = 0;
		};
		FA70DF9526C29044006CC1E1 /* Sources */ = {
			isa = PBXSourcesBuildPhase;
			buildActionMask = 2147483647;
			files = (
				FA70DF9E26C29044006CC1E1 /* TodoAppUITests.swift in Sources */,
			);
			runOnlyForDeploymentPostprocessing = 0;
		};
/* End PBXSourcesBuildPhase section */

/* Begin PBXTargetDependency section */
		FA70DF9026C29044006CC1E1 /* PBXTargetDependency */ = {
			isa = PBXTargetDependency;
			target = FA70DF7726C29042006CC1E1 /* TodoApp */;
			targetProxy = FA70DF8F26C29044006CC1E1 /* PBXContainerItemProxy */;
		};
		FA70DF9B26C29044006CC1E1 /* PBXTargetDependency */ = {
			isa = PBXTargetDependency;
			target = FA70DF7726C29042006CC1E1 /* TodoApp */;
			targetProxy = FA70DF9A26C29044006CC1E1 /* PBXContainerItemProxy */;
		};
/* End PBXTargetDependency section */

/* Begin PBXVariantGroup section */
		FA70DF8626C29044006CC1E1 /* LaunchScreen.storyboard */ = {
			isa = PBXVariantGroup;
			children = (
				FA70DF8726C29044006CC1E1 /* Base */,
			);
			name = LaunchScreen.storyboard;
			sourceTree = "<group>";
		};
/* End PBXVariantGroup section */

/* Begin XCBuildConfiguration section */
		FA70DFA026C29044006CC1E1 /* Debug */ = {
			isa = XCBuildConfiguration;
			buildSettings = {
				ALWAYS_SEARCH_USER_PATHS = NO;
				CLANG_ANALYZER_NONNULL = YES;
				CLANG_ANALYZER_NUMBER_OBJECT_CONVERSION = YES_AGGRESSIVE;
				CLANG_CXX_LANGUAGE_STANDARD = "gnu++14";
				CLANG_CXX_LIBRARY = "libc++";
				CLANG_ENABLE_MODULES = YES;
				CLANG_ENABLE_OBJC_ARC = YES;
				CLANG_ENABLE_OBJC_WEAK = YES;
				CLANG_WARN_BLOCK_CAPTURE_AUTORELEASING = YES;
				CLANG_WARN_BOOL_CONVERSION = YES;
				CLANG_WARN_COMMA = YES;
				CLANG_WARN_CONSTANT_CONVERSION = YES;
				CLANG_WARN_DEPRECATED_OBJC_IMPLEMENTATIONS = YES;
				CLANG_WARN_DIRECT_OBJC_ISA_USAGE = YES_ERROR;
				CLANG_WARN_DOCUMENTATION_COMMENTS = YES;
				CLANG_WARN_EMPTY_BODY = YES;
				CLANG_WARN_ENUM_CONVERSION = YES;
				CLANG_WARN_INFINITE_RECURSION = YES;
				CLANG_WARN_INT_CONVERSION = YES;
				CLANG_WARN_NON_LITERAL_NULL_CONVERSION = YES;
				CLANG_WARN_OBJC_IMPLICIT_RETAIN_SELF = YES;
				CLANG_WARN_OBJC_LITERAL_CONVERSION = YES;
				CLANG_WARN_OBJC_ROOT_CLASS = YES_ERROR;
				CLANG_WARN_QUOTED_INCLUDE_IN_FRAMEWORK_HEADER = YES;
				CLANG_WARN_RANGE_LOOP_ANALYSIS = YES;
				CLANG_WARN_STRICT_PROTOTYPES = YES;
				CLANG_WARN_SUSPICIOUS_MOVE = YES;
				CLANG_WARN_UNGUARDED_AVAILABILITY = YES_AGGRESSIVE;
				CLANG_WARN_UNREACHABLE_CODE = YES;
				CLANG_WARN__DUPLICATE_METHOD_MATCH = YES;
				COPY_PHASE_STRIP = NO;
				DEBUG_INFORMATION_FORMAT = dwarf;
				ENABLE_STRICT_OBJC_MSGSEND = YES;
				ENABLE_TESTABILITY = YES;
				GCC_C_LANGUAGE_STANDARD = gnu11;
				GCC_DYNAMIC_NO_PIC = NO;
				GCC_NO_COMMON_BLOCKS = YES;
				GCC_OPTIMIZATION_LEVEL = 0;
				GCC_PREPROCESSOR_DEFINITIONS = (
					"DEBUG=1",
					"$(inherited)",
				);
				GCC_WARN_64_TO_32_BIT_CONVERSION = YES;
				GCC_WARN_ABOUT_RETURN_TYPE = YES_ERROR;
				GCC_WARN_UNDECLARED_SELECTOR = YES;
				GCC_WARN_UNINITIALIZED_AUTOS = YES_AGGRESSIVE;
				GCC_WARN_UNUSED_FUNCTION = YES;
				GCC_WARN_UNUSED_VARIABLE = YES;
				IPHONEOS_DEPLOYMENT_TARGET = 14.4;
				MTL_ENABLE_DEBUG_INFO = INCLUDE_SOURCE;
				MTL_FAST_MATH = YES;
				ONLY_ACTIVE_ARCH = YES;
				SDKROOT = iphoneos;
				SWIFT_ACTIVE_COMPILATION_CONDITIONS = DEBUG;
				SWIFT_OPTIMIZATION_LEVEL = "-Onone";
			};
			name = Debug;
		};
		FA70DFA126C29044006CC1E1 /* Release */ = {
			isa = XCBuildConfiguration;
			buildSettings = {
				ALWAYS_SEARCH_USER_PATHS = NO;
				CLANG_ANALYZER_NONNULL = YES;
				CLANG_ANALYZER_NUMBER_OBJECT_CONVERSION = YES_AGGRESSIVE;
				CLANG_CXX_LANGUAGE_STANDARD = "gnu++14";
				CLANG_CXX_LIBRARY = "libc++";
				CLANG_ENABLE_MODULES = YES;
				CLANG_ENABLE_OBJC_ARC = YES;
				CLANG_ENABLE_OBJC_WEAK = YES;
				CLANG_WARN_BLOCK_CAPTURE_AUTORELEASING = YES;
				CLANG_WARN_BOOL_CONVERSION = YES;
				CLANG_WARN_COMMA = YES;
				CLANG_WARN_CONSTANT_CONVERSION = YES;
				CLANG_WARN_DEPRECATED_OBJC_IMPLEMENTATIONS = YES;
				CLANG_WARN_DIRECT_OBJC_ISA_USAGE = YES_ERROR;
				CLANG_WARN_DOCUMENTATION_COMMENTS = YES;
				CLANG_WARN_EMPTY_BODY = YES;
				CLANG_WARN_ENUM_CONVERSION = YES;
				CLANG_WARN_INFINITE_RECURSION = YES;
				CLANG_WARN_INT_CONVERSION = YES;
				CLANG_WARN_NON_LITERAL_NULL_CONVERSION = YES;
				CLANG_WARN_OBJC_IMPLICIT_RETAIN_SELF = YES;
				CLANG_WARN_OBJC_LITERAL_CONVERSION = YES;
				CLANG_WARN_OBJC_ROOT_CLASS = YES_ERROR;
				CLANG_WARN_QUOTED_INCLUDE_IN_FRAMEWORK_HEADER = YES;
				CLANG_WARN_RANGE_LOOP_ANALYSIS = YES;
				CLANG_WARN_STRICT_PROTOTYPES = YES;
				CLANG_WARN_SUSPICIOUS_MOVE = YES;
				CLANG_WARN_UNGUARDED_AVAILABILITY = YES_AGGRESSIVE;
				CLANG_WARN_UNREACHABLE_CODE = YES;
				CLANG_WARN__DUPLICATE_METHOD_MATCH = YES;
				COPY_PHASE_STRIP = NO;
				DEBUG_INFORMATION_FORMAT = "dwarf-with-dsym";
				ENABLE_NS_ASSERTIONS = NO;
				ENABLE_STRICT_OBJC_MSGSEND = YES;
				GCC_C_LANGUAGE_STANDARD = gnu11;
				GCC_NO_COMMON_BLOCKS = YES;
				GCC_WARN_64_TO_32_BIT_CONVERSION = YES;
				GCC_WARN_ABOUT_RETURN_TYPE = YES_ERROR;
				GCC_WARN_UNDECLARED_SELECTOR = YES;
				GCC_WARN_UNINITIALIZED_AUTOS = YES_AGGRESSIVE;
				GCC_WARN_UNUSED_FUNCTION = YES;
				GCC_WARN_UNUSED_VARIABLE = YES;
				IPHONEOS_DEPLOYMENT_TARGET = 14.4;
				MTL_ENABLE_DEBUG_INFO = NO;
				MTL_FAST_MATH = YES;
				SDKROOT = iphoneos;
				SWIFT_COMPILATION_MODE = wholemodule;
				SWIFT_OPTIMIZATION_LEVEL = "-O";
				VALIDATE_PRODUCT = YES;
			};
			name = Release;
		};
		FA70DFA326C29044006CC1E1 /* Debug */ = {
			isa = XCBuildConfiguration;
			baseConfigurationReference = A4AAB7531BFABE8F19144ABD /* Pods-TodoApp.debug.xcconfig */;
			buildSettings = {
				ASSETCATALOG_COMPILER_APPICON_NAME = AppIcon;
				ASSETCATALOG_COMPILER_GLOBAL_ACCENT_COLOR_NAME = AccentColor;
				CODE_SIGN_STYLE = Automatic;
				INFOPLIST_FILE = "TodoApp/Supporting Files/Info.plist";
				LD_RUNPATH_SEARCH_PATHS = (
					"$(inherited)",
					"@executable_path/Frameworks",
				);
				PRODUCT_BUNDLE_IDENTIFIER = com.sametalemdaroglu.TodoApp;
				PRODUCT_NAME = "$(TARGET_NAME)";
				SWIFT_VERSION = 5.0;
				TARGETED_DEVICE_FAMILY = "1,2";
			};
			name = Debug;
		};
		FA70DFA426C29044006CC1E1 /* Release */ = {
			isa = XCBuildConfiguration;
			baseConfigurationReference = 6BEAB8ABC31C39E3E670437E /* Pods-TodoApp.release.xcconfig */;
			buildSettings = {
				ASSETCATALOG_COMPILER_APPICON_NAME = AppIcon;
				ASSETCATALOG_COMPILER_GLOBAL_ACCENT_COLOR_NAME = AccentColor;
				CODE_SIGN_STYLE = Automatic;
				INFOPLIST_FILE = "TodoApp/Supporting Files/Info.plist";
				LD_RUNPATH_SEARCH_PATHS = (
					"$(inherited)",
					"@executable_path/Frameworks",
				);
				PRODUCT_BUNDLE_IDENTIFIER = com.sametalemdaroglu.TodoApp;
				PRODUCT_NAME = "$(TARGET_NAME)";
				SWIFT_VERSION = 5.0;
				TARGETED_DEVICE_FAMILY = "1,2";
			};
			name = Release;
		};
		FA70DFA626C29044006CC1E1 /* Debug */ = {
			isa = XCBuildConfiguration;
			baseConfigurationReference = 32C485615C8158DA37162B04 /* Pods-TodoAppTests.debug.xcconfig */;
			buildSettings = {
				ALWAYS_EMBED_SWIFT_STANDARD_LIBRARIES = YES;
				BUNDLE_LOADER = "$(TEST_HOST)";
				CODE_SIGN_STYLE = Automatic;
				INFOPLIST_FILE = TodoAppTests/Info.plist;
				IPHONEOS_DEPLOYMENT_TARGET = 14.4;
				LD_RUNPATH_SEARCH_PATHS = (
					"$(inherited)",
					"@executable_path/Frameworks",
					"@loader_path/Frameworks",
				);
				PRODUCT_BUNDLE_IDENTIFIER = com.sametalemdaroglu.TodoAppTests;
				PRODUCT_NAME = "$(TARGET_NAME)";
				SWIFT_VERSION = 5.0;
				TARGETED_DEVICE_FAMILY = "1,2";
				TEST_HOST = "$(BUILT_PRODUCTS_DIR)/TodoApp.app/TodoApp";
			};
			name = Debug;
		};
		FA70DFA726C29044006CC1E1 /* Release */ = {
			isa = XCBuildConfiguration;
			baseConfigurationReference = 91FE99C297C47D9B9461B1A9 /* Pods-TodoAppTests.release.xcconfig */;
			buildSettings = {
				ALWAYS_EMBED_SWIFT_STANDARD_LIBRARIES = YES;
				BUNDLE_LOADER = "$(TEST_HOST)";
				CODE_SIGN_STYLE = Automatic;
				INFOPLIST_FILE = TodoAppTests/Info.plist;
				IPHONEOS_DEPLOYMENT_TARGET = 14.4;
				LD_RUNPATH_SEARCH_PATHS = (
					"$(inherited)",
					"@executable_path/Frameworks",
					"@loader_path/Frameworks",
				);
				PRODUCT_BUNDLE_IDENTIFIER = com.sametalemdaroglu.TodoAppTests;
				PRODUCT_NAME = "$(TARGET_NAME)";
				SWIFT_VERSION = 5.0;
				TARGETED_DEVICE_FAMILY = "1,2";
				TEST_HOST = "$(BUILT_PRODUCTS_DIR)/TodoApp.app/TodoApp";
			};
			name = Release;
		};
		FA70DFA926C29044006CC1E1 /* Debug */ = {
			isa = XCBuildConfiguration;
			baseConfigurationReference = BB30AD47576817BF1D23C89E /* Pods-TodoApp-TodoAppUITests.debug.xcconfig */;
			buildSettings = {
				ALWAYS_EMBED_SWIFT_STANDARD_LIBRARIES = YES;
				CODE_SIGN_STYLE = Automatic;
				INFOPLIST_FILE = TodoAppUITests/Info.plist;
				LD_RUNPATH_SEARCH_PATHS = (
					"$(inherited)",
					"@executable_path/Frameworks",
					"@loader_path/Frameworks",
				);
				PRODUCT_BUNDLE_IDENTIFIER = com.sametalemdaroglu.TodoAppUITests;
				PRODUCT_NAME = "$(TARGET_NAME)";
				SWIFT_VERSION = 5.0;
				TARGETED_DEVICE_FAMILY = "1,2";
				TEST_TARGET_NAME = TodoApp;
			};
			name = Debug;
		};
		FA70DFAA26C29044006CC1E1 /* Release */ = {
			isa = XCBuildConfiguration;
			baseConfigurationReference = FA1443607494BD8D3A83AF55 /* Pods-TodoApp-TodoAppUITests.release.xcconfig */;
			buildSettings = {
				ALWAYS_EMBED_SWIFT_STANDARD_LIBRARIES = YES;
				CODE_SIGN_STYLE = Automatic;
				INFOPLIST_FILE = TodoAppUITests/Info.plist;
				LD_RUNPATH_SEARCH_PATHS = (
					"$(inherited)",
					"@executable_path/Frameworks",
					"@loader_path/Frameworks",
				);
				PRODUCT_BUNDLE_IDENTIFIER = com.sametalemdaroglu.TodoAppUITests;
				PRODUCT_NAME = "$(TARGET_NAME)";
				SWIFT_VERSION = 5.0;
				TARGETED_DEVICE_FAMILY = "1,2";
				TEST_TARGET_NAME = TodoApp;
			};
			name = Release;
		};
/* End XCBuildConfiguration section */

/* Begin XCConfigurationList section */
		FA70DF7326C29042006CC1E1 /* Build configuration list for PBXProject "TodoApp" */ = {
			isa = XCConfigurationList;
			buildConfigurations = (
				FA70DFA026C29044006CC1E1 /* Debug */,
				FA70DFA126C29044006CC1E1 /* Release */,
			);
			defaultConfigurationIsVisible = 0;
			defaultConfigurationName = Release;
		};
		FA70DFA226C29044006CC1E1 /* Build configuration list for PBXNativeTarget "TodoApp" */ = {
			isa = XCConfigurationList;
			buildConfigurations = (
				FA70DFA326C29044006CC1E1 /* Debug */,
				FA70DFA426C29044006CC1E1 /* Release */,
			);
			defaultConfigurationIsVisible = 0;
			defaultConfigurationName = Release;
		};
		FA70DFA526C29044006CC1E1 /* Build configuration list for PBXNativeTarget "TodoAppTests" */ = {
			isa = XCConfigurationList;
			buildConfigurations = (
				FA70DFA626C29044006CC1E1 /* Debug */,
				FA70DFA726C29044006CC1E1 /* Release */,
			);
			defaultConfigurationIsVisible = 0;
			defaultConfigurationName = Release;
		};
		FA70DFA826C29044006CC1E1 /* Build configuration list for PBXNativeTarget "TodoAppUITests" */ = {
			isa = XCConfigurationList;
			buildConfigurations = (
				FA70DFA926C29044006CC1E1 /* Debug */,
				FA70DFAA26C29044006CC1E1 /* Release */,
			);
			defaultConfigurationIsVisible = 0;
			defaultConfigurationName = Release;
		};
/* End XCConfigurationList section */
	};
	rootObject = FA70DF7026C29042006CC1E1 /* Project object */;
}
